<?xml version="1.0" encoding="utf-8"?>
<Project ToolsVersion="4.0" xmlns="http://schemas.microsoft.com/developer/msbuild/2003">
  <ItemGroup>
    <Filter Include="Source Files">
      <UniqueIdentifier>{cd0683cd-4f0f-4aa6-8ce6-264e75d75ddc}</UniqueIdentifier>
      <Extensions>cpp;c;cxx;rc;def;r;odl;idl;hpj;bat</Extensions>
    </Filter>
    <Filter Include="Header Files">
      <UniqueIdentifier>{35b9cd46-7fb6-45ec-961a-86d90d67c2a3}</UniqueIdentifier>
      <Extensions>h;hpp;hxx;hm;inl</Extensions>
    </Filter>
    <Filter Include="Resource Files">
      <UniqueIdentifier>{48e6b119-b365-42c6-8b28-667c1c9f2358}</UniqueIdentifier>
      <Extensions>ico;cur;bmp;dlg;rc2;rct;bin;rgs;gif;jpg;jpeg;jpe</Extensions>
    </Filter>
  </ItemGroup>
  <ItemGroup>
    <ClCompile Include="BinSearchAE.cpp">
      <Filter>Source Files</Filter>
    </ClCompile>
    <ClCompile Include="create_index.cpp">
      <Filter>Source Files</Filter>
    </ClCompile>
    <ClCompile Include="DPCQ.cpp">
      <Filter>Source Files</Filter>
    </ClCompile>
    <ClCompile Include="global.cpp">
      <Filter>Source Files</Filter>
    </ClCompile>
    <ClCompile Include="Heap.cpp">
      <Filter>Source Files</Filter>
    </ClCompile>
    <ClCompile Include="ItemIndexTable.cpp">
      <Filter>Source Files</Filter>
    </ClCompile>
    <ClCompile Include="ItemQueue.cpp">
      <Filter>Source Files</Filter>
    </ClCompile>
    <ClCompile Include="look_aside_list.cpp">
      <Filter>Source Files</Filter>
    </ClCompile>
    <ClCompile Include="performance.cpp">
      <Filter>Source Files</Filter>
    </ClCompile>
    <ClCompile Include="quad_bytes_hash.cpp">
      <Filter>Source Files</Filter>
    </ClCompile>
    <ClCompile Include="sort.cpp">
      <Filter>Source Files</Filter>
    </ClCompile>
    <ClCompile Include="SortLink.cpp">
      <Filter>Source Files</Filter>
    </ClCompile>
    <ClCompile Include="StaticResourcePool.cpp">
      <Filter>Source Files</Filter>
    </ClCompile>
    <ClCompile Include="stdafx.cpp">
      <Filter>Source Files</Filter>
    </ClCompile>
    <ClCompile Include="various_bytes_hash.cpp">
      <Filter>Source Files</Filter>
    </ClCompile>
  </ItemGroup>
  <ItemGroup>
    <ClInclude Include="BinSearchAE.h">
      <Filter>Header Files</Filter>
    </ClInclude>
    <ClInclude Include="create_index.h">
      <Filter>Header Files</Filter>
    </ClInclude>
    <ClInclude Include="DPCQ.h">
      <Filter>Header Files</Filter>
    </ClInclude>
    <ClInclude Include="global.h">
      <Filter>Header Files</Filter>
    </ClInclude>
    <ClInclude Include="Heap.h">
      <Filter>Header Files</Filter>
    </ClInclude>
    <ClInclude Include="ItemIndexTable.h">
      <Filter>Header Files</Filter>
    </ClInclude>
    <ClInclude Include="ItemQueue.h">
      <Filter>Header Files</Filter>
    </ClInclude>
    <ClInclude Include="look_aside_list.h">
      <Filter>Header Files</Filter>
    </ClInclude>
    <ClInclude Include="quad_bytes_hash.h">
      <Filter>Header Files</Filter>
    </ClInclude>
    <ClInclude Include="resource.h">
      <Filter>Header Files</Filter>
    </ClInclude>
    <ClInclude Include="StaticResourcePool.h">
      <Filter>Header Files</Filter>
    </ClInclude>
    <ClInclude Include="stdafx.h">
      <Filter>Header Files</Filter>
    </ClInclude>
    <ClInclude Include="type.h">
      <Filter>Header Files</Filter>
    </ClInclude>
    <ClInclude Include="..\4DyuchiGRX_common\typedef.h">
      <Filter>Header Files</Filter>
    </ClInclude>
    <ClInclude Include="various_bytes_hash.h">
      <Filter>Header Files</Filter>
    </ClInclude>
  </ItemGroup>
  <ItemGroup>
    <None Include="..\4DyuchiGRX_common\math.inl">
      <Filter>Header Files</Filter>
    </None>
  </ItemGroup>
</Project>