<?xml version="1.0" encoding="utf-8"?>
<Project ToolsVersion="4.0" xmlns="http://schemas.microsoft.com/developer/msbuild/2003">
  <ItemGroup>
    <Filter Include="Source Files">
      <UniqueIdentifier>{1e471085-b4ba-400a-b3e0-d3663d677cf8}</UniqueIdentifier>
      <Extensions>cpp;c;cxx;rc;def;r;odl;idl;hpj;bat</Extensions>
    </Filter>
    <Filter Include="Header Files">
      <UniqueIdentifier>{59212481-58c2-4cbe-a229-9ffd2a9ff735}</UniqueIdentifier>
      <Extensions>h;hpp;hxx;hm;inl</Extensions>
    </Filter>
    <Filter Include="Resource Files">
      <UniqueIdentifier>{d5591bf7-9885-42ad-8146-26012840f03e}</UniqueIdentifier>
      <Extensions>ico;cur;bmp;dlg;rc2;rct;bin;rgs;gif;jpg;jpeg;jpe</Extensions>
    </Filter>
  </ItemGroup>
  <ItemGroup>
    <ClCompile Include="BinSearchAE.cpp">
      <Filter>Source Files</Filter>
    </ClCompile>
    <ClCompile Include="create_index.cpp">
      <Filter>Source Files</Filter>
    </ClCompile>
    <ClCompile Include="DPCQ.cpp">
      <Filter>Source Files</Filter>
    </ClCompile>
    <ClCompile Include="global.cpp">
      <Filter>Source Files</Filter>
    </ClCompile>
    <ClCompile Include="Heap.cpp">
      <Filter>Source Files</Filter>
    </ClCompile>
    <ClCompile Include="ItemIndexTable.cpp">
      <Filter>Source Files</Filter>
    </ClCompile>
    <ClCompile Include="ItemQueue.cpp">
      <Filter>Source Files</Filter>
    </ClCompile>
    <ClCompile Include="look_aside_list.cpp">
      <Filter>Source Files</Filter>
    </ClCompile>
    <ClCompile Include="performance.cpp">
      <Filter>Source Files</Filter>
    </ClCompile>
    <ClCompile Include="quad_bytes_hash.cpp">
      <Filter>Source Files</Filter>
    </ClCompile>
    <ClCompile Include="sort.cpp">
      <Filter>Source Files</Filter>
    </ClCompile>
    <ClCompile Include="SortLink.cpp">
      <Filter>Source Files</Filter>
    </ClCompile>
    <ClCompile Include="StaticResourcePool.cpp">
      <Filter>Source Files</Filter>
    </ClCompile>
    <ClCompile Include="stdafx.cpp">
      <Filter>Source Files</Filter>
    </ClCompile>
    <ClCompile Include="various_bytes_hash.cpp">
      <Filter>Source Files</Filter>
    </ClCompile>
  </ItemGroup>
  <ItemGroup>
    <ClInclude Include="BinSearchAE.h">
      <Filter>Header Files</Filter>
    </ClInclude>
    <ClInclude Include="create_index.h">
      <Filter>Header Files</Filter>
    </ClInclude>
    <ClInclude Include="DPCQ.h">
      <Filter>Header Files</Filter>
    </ClInclude>
    <ClInclude Include="global.h">
      <Filter>Header Files</Filter>
    </ClInclude>
    <ClInclude Include="Heap.h">
      <Filter>Header Files</Filter>
    </ClInclude>
    <ClInclude Include="ItemIndexTable.h">
      <Filter>Header Files</Filter>
    </ClInclude>
    <ClInclude Include="ItemQueue.h">
      <Filter>Header Files</Filter>
    </ClInclude>
    <ClInclude Include="look_aside_list.h">
      <Filter>Header Files</Filter>
    </ClInclude>
    <ClInclude Include="quad_bytes_hash.h">
      <Filter>Header Files</Filter>
    </ClInclude>
    <ClInclude Include="resource.h">
      <Filter>Header Files</Filter>
    </ClInclude>
    <ClInclude Include="StaticResourcePool.h">
      <Filter>Header Files</Filter>
    </ClInclude>
    <ClInclude Include="stdafx.h">
      <Filter>Header Files</Filter>
    </ClInclude>
    <ClInclude Include="type.h">
      <Filter>Header Files</Filter>
    </ClInclude>
    <ClInclude Include="..\4DyuchiGRX_common\typedef.h">
      <Filter>Header Files</Filter>
    </ClInclude>
    <ClInclude Include="various_bytes_hash.h">
      <Filter>Header Files</Filter>
    </ClInclude>
  </ItemGroup>
  <ItemGroup>
    <None Include="..\4DyuchiGRX_common\math.inl">
      <Filter>Header Files</Filter>
    </None>
  </ItemGroup>
</Project>