<?xml version="1.0" encoding="utf-8"?>
<Project ToolsVersion="4.0" xmlns="http://schemas.microsoft.com/developer/msbuild/2003">
  <ItemGroup>
    <Filter Include="Source Files">
      <UniqueIdentifier>{e59a02f9-6b15-4d5a-8eb3-074266d69dd1}</UniqueIdentifier>
      <Extensions>cpp;c;cxx;rc;def;r;odl;idl;hpj;bat</Extensions>
    </Filter>
    <Filter Include="Header Files">
      <UniqueIdentifier>{09da35c8-7ee0-4621-ad13-357c2e35a137}</UniqueIdentifier>
      <Extensions>h;hpp;hxx;hm;inl</Extensions>
    </Filter>
    <Filter Include="Resource Files">
      <UniqueIdentifier>{b72f553e-f031-41fe-ab45-c9d6a927e236}</UniqueIdentifier>
      <Extensions>ico;cur;bmp;dlg;rc2;rct;bin;rgs;gif;jpg;jpeg;jpe</Extensions>
    </Filter>
  </ItemGroup>
  <ItemGroup>
    <ClCompile Include="accept.cpp">
      <Filter>Source Files</Filter>
    </ClCompile>
    <ClCompile Include="BaseNetwork.cpp">
      <Filter>Source Files</Filter>
    </ClCompile>
    <ClCompile Include="BaseNetworkDll.cpp">
      <Filter>Source Files</Filter>
    </ClCompile>
    <ClCompile Include="BaseNetworkFactory.cpp">
      <Filter>Source Files</Filter>
    </ClCompile>
    <ClCompile Include="connection.cpp">
      <Filter>Source Files</Filter>
    </ClCompile>
    <ClCompile Include="create_index.cpp">
      <Filter>Source Files</Filter>
    </ClCompile>
    <ClCompile Include="main_msg_que.cpp">
      <Filter>Source Files</Filter>
    </ClCompile>
    <ClCompile Include="msgproc.cpp">
      <Filter>Source Files</Filter>
    </ClCompile>
    <ClCompile Include="network.cpp">
      <Filter>Source Files</Filter>
    </ClCompile>
    <ClCompile Include="overlapped.cpp">
      <Filter>Source Files</Filter>
    </ClCompile>
    <ClCompile Include="overlapped_recv.cpp">
      <Filter>Source Files</Filter>
    </ClCompile>
    <ClCompile Include="overlapped_send.cpp">
      <Filter>Source Files</Filter>
    </ClCompile>
    <ClCompile Include="switch_que.cpp">
      <Filter>Source Files</Filter>
    </ClCompile>
    <ClCompile Include="worker.cpp">
      <Filter>Source Files</Filter>
    </ClCompile>
  </ItemGroup>
  <ItemGroup>
    <None Include="BaseNetworkdll.def">
      <Filter>Source Files</Filter>
    </None>
  </ItemGroup>
  <ItemGroup>
    <ClInclude Include="accept.h">
      <Filter>Header Files</Filter>
    </ClInclude>
    <ClInclude Include="basenetwork.h">
      <Filter>Header Files</Filter>
    </ClInclude>
    <ClInclude Include="BaseNetworkFactory.h">
      <Filter>Header Files</Filter>
    </ClInclude>
    <ClInclude Include="BaseNetworkInterface.h">
      <Filter>Header Files</Filter>
    </ClInclude>
    <ClInclude Include="connection.h">
      <Filter>Header Files</Filter>
    </ClInclude>
    <ClInclude Include="create_index.h">
      <Filter>Header Files</Filter>
    </ClInclude>
    <ClInclude Include="define.h">
      <Filter>Header Files</Filter>
    </ClInclude>
    <ClInclude Include="main_msg_que.h">
      <Filter>Header Files</Filter>
    </ClInclude>
    <ClInclude Include="msgproc.h">
      <Filter>Header Files</Filter>
    </ClInclude>
    <ClInclude Include="network.h">
      <Filter>Header Files</Filter>
    </ClInclude>
    <ClInclude Include="overlapped.h">
      <Filter>Header Files</Filter>
    </ClInclude>
    <ClInclude Include="overlapped_recv.h">
      <Filter>Header Files</Filter>
    </ClInclude>
    <ClInclude Include="overlapped_send.h">
      <Filter>Header Files</Filter>
    </ClInclude>
    <ClInclude Include="resource.h">
      <Filter>Header Files</Filter>
    </ClInclude>
    <ClInclude Include="stdafx.h">
      <Filter>Header Files</Filter>
    </ClInclude>
    <ClInclude Include="struct.h">
      <Filter>Header Files</Filter>
    </ClInclude>
    <ClInclude Include="switch_que.h">
      <Filter>Header Files</Filter>
    </ClInclude>
    <ClInclude Include="worker.h">
      <Filter>Header Files</Filter>
    </ClInclude>
  </ItemGroup>
</Project>