Microsoft Visual Studio Solution File, Format Version 12.00
# Visual Studio Version 17
VisualStudioVersion = 17.12.35707.178 d17.12
MinimumVisualStudioVersion = 10.0.40219.1
Project("{8BC9CEB8-8B4A-11D0-8D11-00A0C91BC942}") = "4DyuchiFilePack", "4DyuchiFilePack\4DyuchiFilePack.vcxproj", "{D9A63CE6-AF59-4A75-BDEF-E692A051E713}"
EndProject
Project("{8BC9CEB8-8B4A-11D0-8D11-00A0C91BC942}") = "4DyuchiFileStorage", "4DyuchiFileStorage\4DyuchiFileStorage.vcxproj", "{6108148B-57B7-4C94-9901-CFA81DDEE539}"
EndProject
Project("{8BC9CEB8-8B4A-11D0-8D11-00A0C91BC942}") = "4DyuchiGX_Render", "4DYUCHIGX_RENDER\4DyuchiGX_Render.vcxproj", "{7D7B58DC-ED02-464E-A5B2-3B39F14524F0}"
EndProject
Project("{8BC9CEB8-8B4A-11D0-8D11-00A0C91BC942}") = "4DyuchiGXExecutive", "4DYUCHIGXEXECUTIVE\4DyuchiGXExecutive.vcxproj", "{896EEE52-A39E-4FDB-B932-ED8FD8B7A956}"
EndProject
Project("{8BC9CEB8-8B4A-11D0-8D11-00A0C91BC942}") = "4DyuchiGXGeometry", "4DyuchiGXGeometry\4DyuchiGXGeometry.vcxproj", "{A0F99550-B20D-433B-8402-CDCAAB395885}"
EndProject
Project("{8BC9CEB8-8B4A-11D0-8D11-00A0C91BC942}") = "4DyuchiGXGFunc", "4DyuchiGXGFunc\4DyuchiGXGFunc.vcxproj", "{CFB0CD92-3451-4AB6-BB4C-CE2CF5B58D0A}"
EndProject
Project("{8BC9CEB8-8B4A-11D0-8D11-00A0C91BC942}") = "4DyuchiGXMapEditor", "4DyuchiGXMapEditor\4DyuchiGXMapEditor.vcxproj", "{8CC6901C-1C47-4BD9-8815-4BB6FF2B6FC3}"
EndProject
Project("{8BC9CEB8-8B4A-11D0-8D11-00A0C91BC942}") = "ModelView", "ModelView\ModelView.vcxproj", "{37C2C483-B3E3-4511-B5A8-ED5E357DD704}"
EndProject
Global
	GlobalSection(SolutionConfigurationPlatforms) = preSolution
		Debug|x86 = Debug|x86
		for SSE Debug|x86 = for SSE Debug|x86
		for SSE Release|x86 = for SSE Release|x86
		Release|x86 = Release|x86
	EndGlobalSection
	GlobalSection(ProjectConfigurationPlatforms) = postSolution
		{D9A63CE6-AF59-4A75-BDEF-E692A051E713}.Debug|x86.ActiveCfg = Debug|Win32
		{D9A63CE6-AF59-4A75-BDEF-E692A051E713}.Debug|x86.Build.0 = Debug|Win32
		{D9A63CE6-AF59-4A75-BDEF-E692A051E713}.for SSE Debug|x86.ActiveCfg = Debug|Win32
		{D9A63CE6-AF59-4A75-BDEF-E692A051E713}.for SSE Debug|x86.Build.0 = Debug|Win32
		{D9A63CE6-AF59-4A75-BDEF-E692A051E713}.for SSE Release|x86.ActiveCfg = Release|Win32
		{D9A63CE6-AF59-4A75-BDEF-E692A051E713}.for SSE Release|x86.Build.0 = Release|Win32
		{D9A63CE6-AF59-4A75-BDEF-E692A051E713}.Release|x86.ActiveCfg = Release|Win32
		{D9A63CE6-AF59-4A75-BDEF-E692A051E713}.Release|x86.Build.0 = Release|Win32
		{6108148B-57B7-4C94-9901-CFA81DDEE539}.Debug|x86.ActiveCfg = Debug|Win32
		{6108148B-57B7-4C94-9901-CFA81DDEE539}.Debug|x86.Build.0 = Debug|Win32
		{6108148B-57B7-4C94-9901-CFA81DDEE539}.for SSE Debug|x86.ActiveCfg = Debug|Win32
		{6108148B-57B7-4C94-9901-CFA81DDEE539}.for SSE Debug|x86.Build.0 = Debug|Win32
		{6108148B-57B7-4C94-9901-CFA81DDEE539}.for SSE Release|x86.ActiveCfg = Release|Win32
		{6108148B-57B7-4C94-9901-CFA81DDEE539}.for SSE Release|x86.Build.0 = Release|Win32
		{6108148B-57B7-4C94-9901-CFA81DDEE539}.Release|x86.ActiveCfg = Release|Win32
		{6108148B-57B7-4C94-9901-CFA81DDEE539}.Release|x86.Build.0 = Release|Win32
		{7D7B58DC-ED02-464E-A5B2-3B39F14524F0}.Debug|x86.ActiveCfg = Debug|Win32
		{7D7B58DC-ED02-464E-A5B2-3B39F14524F0}.Debug|x86.Build.0 = Debug|Win32
		{7D7B58DC-ED02-464E-A5B2-3B39F14524F0}.for SSE Debug|x86.ActiveCfg = Debug|Win32
		{7D7B58DC-ED02-464E-A5B2-3B39F14524F0}.for SSE Debug|x86.Build.0 = Debug|Win32
		{7D7B58DC-ED02-464E-A5B2-3B39F14524F0}.for SSE Release|x86.ActiveCfg = Release|Win32
		{7D7B58DC-ED02-464E-A5B2-3B39F14524F0}.for SSE Release|x86.Build.0 = Release|Win32
		{7D7B58DC-ED02-464E-A5B2-3B39F14524F0}.Release|x86.ActiveCfg = Release|Win32
		{7D7B58DC-ED02-464E-A5B2-3B39F14524F0}.Release|x86.Build.0 = Release|Win32
		{896EEE52-A39E-4FDB-B932-ED8FD8B7A956}.Debug|x86.ActiveCfg = Debug|Win32
		{896EEE52-A39E-4FDB-B932-ED8FD8B7A956}.Debug|x86.Build.0 = Debug|Win32
		{896EEE52-A39E-4FDB-B932-ED8FD8B7A956}.for SSE Debug|x86.ActiveCfg = Debug|Win32
		{896EEE52-A39E-4FDB-B932-ED8FD8B7A956}.for SSE Debug|x86.Build.0 = Debug|Win32
		{896EEE52-A39E-4FDB-B932-ED8FD8B7A956}.for SSE Release|x86.ActiveCfg = Release|Win32
		{896EEE52-A39E-4FDB-B932-ED8FD8B7A956}.for SSE Release|x86.Build.0 = Release|Win32
		{896EEE52-A39E-4FDB-B932-ED8FD8B7A956}.Release|x86.ActiveCfg = Release|Win32
		{896EEE52-A39E-4FDB-B932-ED8FD8B7A956}.Release|x86.Build.0 = Release|Win32
		{A0F99550-B20D-433B-8402-CDCAAB395885}.Debug|x86.ActiveCfg = Debug|Win32
		{A0F99550-B20D-433B-8402-CDCAAB395885}.Debug|x86.Build.0 = Debug|Win32
		{A0F99550-B20D-433B-8402-CDCAAB395885}.for SSE Debug|x86.ActiveCfg = Debug|Win32
		{A0F99550-B20D-433B-8402-CDCAAB395885}.for SSE Debug|x86.Build.0 = Debug|Win32
		{A0F99550-B20D-433B-8402-CDCAAB395885}.for SSE Release|x86.ActiveCfg = Release|Win32
		{A0F99550-B20D-433B-8402-CDCAAB395885}.for SSE Release|x86.Build.0 = Release|Win32
		{A0F99550-B20D-433B-8402-CDCAAB395885}.Release|x86.ActiveCfg = Release|Win32
		{A0F99550-B20D-433B-8402-CDCAAB395885}.Release|x86.Build.0 = Release|Win32
		{CFB0CD92-3451-4AB6-BB4C-CE2CF5B58D0A}.Debug|x86.ActiveCfg = Debug|Win32
		{CFB0CD92-3451-4AB6-BB4C-CE2CF5B58D0A}.Debug|x86.Build.0 = Debug|Win32
		{CFB0CD92-3451-4AB6-BB4C-CE2CF5B58D0A}.for SSE Debug|x86.ActiveCfg = for SSE Debug|Win32
		{CFB0CD92-3451-4AB6-BB4C-CE2CF5B58D0A}.for SSE Debug|x86.Build.0 = for SSE Debug|Win32
		{CFB0CD92-3451-4AB6-BB4C-CE2CF5B58D0A}.for SSE Release|x86.ActiveCfg = for SSE Release|Win32
		{CFB0CD92-3451-4AB6-BB4C-CE2CF5B58D0A}.for SSE Release|x86.Build.0 = for SSE Release|Win32
		{CFB0CD92-3451-4AB6-BB4C-CE2CF5B58D0A}.Release|x86.ActiveCfg = Release|Win32
		{CFB0CD92-3451-4AB6-BB4C-CE2CF5B58D0A}.Release|x86.Build.0 = Release|Win32
		{8CC6901C-1C47-4BD9-8815-4BB6FF2B6FC3}.Debug|x86.ActiveCfg = Debug|Win32
		{8CC6901C-1C47-4BD9-8815-4BB6FF2B6FC3}.Debug|x86.Build.0 = Debug|Win32
		{8CC6901C-1C47-4BD9-8815-4BB6FF2B6FC3}.for SSE Debug|x86.ActiveCfg = Debug|Win32
		{8CC6901C-1C47-4BD9-8815-4BB6FF2B6FC3}.for SSE Debug|x86.Build.0 = Debug|Win32
		{8CC6901C-1C47-4BD9-8815-4BB6FF2B6FC3}.for SSE Release|x86.ActiveCfg = Release|Win32
		{8CC6901C-1C47-4BD9-8815-4BB6FF2B6FC3}.for SSE Release|x86.Build.0 = Release|Win32
		{8CC6901C-1C47-4BD9-8815-4BB6FF2B6FC3}.Release|x86.ActiveCfg = Release|Win32
		{8CC6901C-1C47-4BD9-8815-4BB6FF2B6FC3}.Release|x86.Build.0 = Release|Win32
		{37C2C483-B3E3-4511-B5A8-ED5E357DD704}.Debug|x86.ActiveCfg = Debug|Win32
		{37C2C483-B3E3-4511-B5A8-ED5E357DD704}.Debug|x86.Build.0 = Debug|Win32
		{37C2C483-B3E3-4511-B5A8-ED5E357DD704}.for SSE Debug|x86.ActiveCfg = Debug|Win32
		{37C2C483-B3E3-4511-B5A8-ED5E357DD704}.for SSE Debug|x86.Build.0 = Debug|Win32
		{37C2C483-B3E3-4511-B5A8-ED5E357DD704}.for SSE Release|x86.ActiveCfg = Release|Win32
		{37C2C483-B3E3-4511-B5A8-ED5E357DD704}.for SSE Release|x86.Build.0 = Release|Win32
		{37C2C483-B3E3-4511-B5A8-ED5E357DD704}.Release|x86.ActiveCfg = Release|Win32
		{37C2C483-B3E3-4511-B5A8-ED5E357DD704}.Release|x86.Build.0 = Release|Win32
	EndGlobalSection
	GlobalSection(SolutionProperties) = preSolution
		HideSolutionNode = FALSE
	EndGlobalSection
	GlobalSection(DPCodeReviewSolutionGUID) = preSolution
		DPCodeReviewSolutionGUID = {00000000-0000-0000-0000-000000000000}
	EndGlobalSection
EndGlobal
