<?xml version="1.0" encoding="utf-8"?>
<Project ToolsVersion="4.0" xmlns="http://schemas.microsoft.com/developer/msbuild/2003">
  <ItemGroup>
    <Filter Include="Source Files">
      <UniqueIdentifier>{346011a1-1d83-4197-841f-3e8fe742fe0a}</UniqueIdentifier>
      <Extensions>cpp;c;cxx;rc;def;r;odl;idl;hpj;bat</Extensions>
    </Filter>
    <Filter Include="Render Object">
      <UniqueIdentifier>{054c35c4-9b12-48b4-85c5-dcebf4cd109e}</UniqueIdentifier>
    </Filter>
    <Filter Include="Render Object\LightMap Object">
      <UniqueIdentifier>{e5adc2dd-1d8b-4043-aef2-349031c74a95}</UniqueIdentifier>
    </Filter>
    <Filter Include="Render Object\Font">
      <UniqueIdentifier>{92b05a3f-334e-488a-9dda-bffd75a8ae94}</UniqueIdentifier>
    </Filter>
    <Filter Include="Render Object\VertexLight Object">
      <UniqueIdentifier>{00bfe2ad-b6fd-4d11-8e01-f8744ffdc551}</UniqueIdentifier>
    </Filter>
    <Filter Include="Render Object\Base Element">
      <UniqueIdentifier>{df1333e5-17af-41b9-8c2f-e9911d79ecc0}</UniqueIdentifier>
    </Filter>
    <Filter Include="Render Object\HeightField">
      <UniqueIdentifier>{3181a40a-f99e-4a32-bcf6-91e23bf06c02}</UniqueIdentifier>
    </Filter>
    <Filter Include="Render Object\sprite">
      <UniqueIdentifier>{09631ff7-4896-4cd8-b819-479df325c8f7}</UniqueIdentifier>
    </Filter>
    <Filter Include="Render Object\BillBoard">
      <UniqueIdentifier>{ed83cc88-de03-46e2-a8e6-6328c30abf9d}</UniqueIdentifier>
    </Filter>
    <Filter Include="Render Object\ImmMeshObject">
      <UniqueIdentifier>{ec1c5dd8-4bda-4aa0-b9d7-56dc6fdb68ac}</UniqueIdentifier>
    </Filter>
    <Filter Include="misc">
      <UniqueIdentifier>{a51c7ebd-af0e-4620-bd2a-4c46777c83cc}</UniqueIdentifier>
    </Filter>
    <Filter Include="COM Interface">
      <UniqueIdentifier>{bca04033-f383-48cf-8509-31f2d0d20228}</UniqueIdentifier>
    </Filter>
    <Filter Include="device">
      <UniqueIdentifier>{62697d72-0ce5-4325-9b76-8c4adf9a6917}</UniqueIdentifier>
    </Filter>
    <Filter Include="Header Files">
      <UniqueIdentifier>{399ec95b-2443-4578-afd4-dfd7219a93c4}</UniqueIdentifier>
      <Extensions>h;hpp;hxx;hm;inl</Extensions>
    </Filter>
    <Filter Include="RenderQueue">
      <UniqueIdentifier>{96344526-9836-4a44-a4fc-ebbc25e3e5bd}</UniqueIdentifier>
    </Filter>
    <Filter Include="Shaders">
      <UniqueIdentifier>{9f5c19d0-806d-47fc-96bf-48a1ef142139}</UniqueIdentifier>
    </Filter>
    <Filter Include="ProjectionLight">
      <UniqueIdentifier>{ba581d3e-916e-4d84-899d-02cd497b26d7}</UniqueIdentifier>
    </Filter>
    <Filter Include="Resource Files">
      <UniqueIdentifier>{56148c5f-2178-48d1-beb7-f59827680af5}</UniqueIdentifier>
      <Extensions>ico;cur;bmp;dlg;rc2;rct;bin;rgs;gif;jpg;jpeg;jpe</Extensions>
    </Filter>
  </ItemGroup>
  <ItemGroup>
    <None Include="4DyuchiGX_Render.def">
      <Filter>Source Files</Filter>
    </None>
    <None Include="..\4DyuchiGRX_common\math.inl">
      <Filter>Header Files</Filter>
    </None>
  </ItemGroup>
  <ItemGroup>
    <ClCompile Include="dllmain.cpp">
      <Filter>Source Files</Filter>
    </ClCompile>
    <ClCompile Include="factory.cpp">
      <Filter>Source Files</Filter>
    </ClCompile>
    <ClCompile Include="hashsearch.cpp">
      <Filter>Source Files</Filter>
    </ClCompile>
    <ClCompile Include="stdafx.cpp">
      <Filter>Source Files</Filter>
    </ClCompile>
    <ClCompile Include="circle.cpp">
      <Filter>Render Object</Filter>
    </ClCompile>
    <ClCompile Include="LMMeshObject.cpp">
      <Filter>Render Object\LightMap Object</Filter>
    </ClCompile>
    <ClCompile Include="font.cpp">
      <Filter>Render Object\Font</Filter>
    </ClCompile>
    <ClCompile Include="FontCache.cpp">
      <Filter>Render Object\Font</Filter>
    </ClCompile>
    <ClCompile Include="FontHash.cpp">
      <Filter>Render Object\Font</Filter>
    </ClCompile>
    <ClCompile Include="FontObject.cpp">
      <Filter>Render Object\Font</Filter>
    </ClCompile>
    <ClCompile Include="VLMeshObject.cpp">
      <Filter>Render Object\VertexLight Object</Filter>
    </ClCompile>
    <ClCompile Include="VLSMeshObject.cpp">
      <Filter>Render Object\VertexLight Object</Filter>
    </ClCompile>
    <ClCompile Include="Base_facegroup.cpp">
      <Filter>Render Object\Base Element</Filter>
    </ClCompile>
    <ClCompile Include="BaseFontObject.cpp">
      <Filter>Render Object\Base Element</Filter>
    </ClCompile>
    <ClCompile Include="BaseMeshObject.cpp">
      <Filter>Render Object\Base Element</Filter>
    </ClCompile>
    <ClCompile Include="CTexture.cpp">
      <Filter>Render Object\Base Element</Filter>
    </ClCompile>
    <ClCompile Include="d3dtexture.cpp">
      <Filter>Render Object\Base Element</Filter>
    </ClCompile>
    <ClCompile Include="IndexBuffer.cpp">
      <Filter>Render Object\Base Element</Filter>
    </ClCompile>
    <ClCompile Include="LMFaceGRoup.cpp">
      <Filter>Render Object\Base Element</Filter>
    </ClCompile>
    <ClCompile Include="RenderTexture.cpp">
      <Filter>Render Object\Base Element</Filter>
    </ClCompile>
    <ClCompile Include="VertexBuffer.cpp">
      <Filter>Render Object\Base Element</Filter>
    </ClCompile>
    <ClCompile Include="VLFaceGroup.cpp">
      <Filter>Render Object\Base Element</Filter>
    </ClCompile>
    <ClCompile Include="HFieldManager.cpp">
      <Filter>Render Object\HeightField</Filter>
    </ClCompile>
    <ClCompile Include="HFieldObject.cpp">
      <Filter>Render Object\HeightField</Filter>
    </ClCompile>
    <ClCompile Include="3DSprite.cpp">
      <Filter>Render Object\sprite</Filter>
    </ClCompile>
    <ClCompile Include="BiiBoard.cpp">
      <Filter>Render Object\BillBoard</Filter>
    </ClCompile>
    <ClCompile Include="ImmMeshObject.cpp">
      <Filter>Render Object\ImmMeshObject</Filter>
    </ClCompile>
    <ClCompile Include="d3d_helper.cpp">
      <Filter>misc</Filter>
    </ClCompile>
    <ClCompile Include="image.cpp">
      <Filter>misc</Filter>
    </ClCompile>
    <ClCompile Include="TIF.CPP">
      <Filter>misc</Filter>
    </ClCompile>
    <ClCompile Include="VariableBuffer.cpp">
      <Filter>misc</Filter>
    </ClCompile>
    <ClCompile Include="CoD3DDevice.cpp">
      <Filter>device</Filter>
    </ClCompile>
    <ClCompile Include="D3DResourceBufferHeap.cpp">
      <Filter>device</Filter>
    </ClCompile>
    <ClCompile Include="D3DResourceManager.cpp">
      <Filter>device</Filter>
    </ClCompile>
    <ClCompile Include="IBCache.cpp">
      <Filter>device</Filter>
    </ClCompile>
    <ClCompile Include="IBHeap.cpp">
      <Filter>device</Filter>
    </ClCompile>
    <ClCompile Include="MaterialManager.cpp">
      <Filter>device</Filter>
    </ClCompile>
    <ClCompile Include="RenderTexturePool.cpp">
      <Filter>device</Filter>
    </ClCompile>
    <ClCompile Include="StaticD3DResourcePool.cpp">
      <Filter>device</Filter>
    </ClCompile>
    <ClCompile Include="StaticIBPool.cpp">
      <Filter>device</Filter>
    </ClCompile>
    <ClCompile Include="StaticVBPool.cpp">
      <Filter>device</Filter>
    </ClCompile>
    <ClCompile Include="texture_manager.cpp">
      <Filter>device</Filter>
    </ClCompile>
    <ClCompile Include="VBCache.cpp">
      <Filter>device</Filter>
    </ClCompile>
    <ClCompile Include="VBHeap.cpp">
      <Filter>device</Filter>
    </ClCompile>
    <ClCompile Include="RenderQ.cpp">
      <Filter>RenderQueue</Filter>
    </ClCompile>
    <ClCompile Include="RenderTriBuffer.cpp">
      <Filter>RenderQueue</Filter>
    </ClCompile>
    <ClCompile Include="SpriteBuffer.cpp">
      <Filter>RenderQueue</Filter>
    </ClCompile>
    <ClCompile Include="TextBuffer.cpp">
      <Filter>RenderQueue</Filter>
    </ClCompile>
    <ClCompile Include="ProjectionLight.cpp">
      <Filter>ProjectionLight</Filter>
    </ClCompile>
  </ItemGroup>
  <ItemGroup>
    <ResourceCompile Include="Script1.rc">
      <Filter>Source Files</Filter>
    </ResourceCompile>
  </ItemGroup>
  <ItemGroup>
    <ClInclude Include="circle.h">
      <Filter>Render Object</Filter>
    </ClInclude>
    <ClInclude Include="LMMeshObject.h">
      <Filter>Render Object\LightMap Object</Filter>
    </ClInclude>
    <ClInclude Include="font.h">
      <Filter>Render Object\Font</Filter>
    </ClInclude>
    <ClInclude Include="FontCache.h">
      <Filter>Render Object\Font</Filter>
    </ClInclude>
    <ClInclude Include="FontHash.h">
      <Filter>Render Object\Font</Filter>
    </ClInclude>
    <ClInclude Include="FontObject.h">
      <Filter>Render Object\Font</Filter>
    </ClInclude>
    <ClInclude Include="VLMeshObject.h">
      <Filter>Render Object\VertexLight Object</Filter>
    </ClInclude>
    <ClInclude Include="VLSMeshObject.h">
      <Filter>Render Object\VertexLight Object</Filter>
    </ClInclude>
    <ClInclude Include="Base_facegroup.h">
      <Filter>Render Object\Base Element</Filter>
    </ClInclude>
    <ClInclude Include="BaseFontObject.h">
      <Filter>Render Object\Base Element</Filter>
    </ClInclude>
    <ClInclude Include="BaseMeshObject.h">
      <Filter>Render Object\Base Element</Filter>
    </ClInclude>
    <ClInclude Include="CTexture.h">
      <Filter>Render Object\Base Element</Filter>
    </ClInclude>
    <ClInclude Include="d3dtexture.h">
      <Filter>Render Object\Base Element</Filter>
    </ClInclude>
    <ClInclude Include="IndexBuffer.h">
      <Filter>Render Object\Base Element</Filter>
    </ClInclude>
    <ClInclude Include="IResource.h">
      <Filter>Render Object\Base Element</Filter>
    </ClInclude>
    <ClInclude Include="LMFaceGroup.h">
      <Filter>Render Object\Base Element</Filter>
    </ClInclude>
    <ClInclude Include="RenderTexture.h">
      <Filter>Render Object\Base Element</Filter>
    </ClInclude>
    <ClInclude Include="VertexBuffer.h">
      <Filter>Render Object\Base Element</Filter>
    </ClInclude>
    <ClInclude Include="VLFaceGroup.h">
      <Filter>Render Object\Base Element</Filter>
    </ClInclude>
    <ClInclude Include="HFieldManager.h">
      <Filter>Render Object\HeightField</Filter>
    </ClInclude>
    <ClInclude Include="HFieldObject.h">
      <Filter>Render Object\HeightField</Filter>
    </ClInclude>
    <ClInclude Include="3DSprite.h">
      <Filter>Render Object\sprite</Filter>
    </ClInclude>
    <ClInclude Include="BillBoard.h">
      <Filter>Render Object\BillBoard</Filter>
    </ClInclude>
    <ClInclude Include="ImmMeshObject.h">
      <Filter>Render Object\ImmMeshObject</Filter>
    </ClInclude>
    <ClInclude Include="d3d_helper.h">
      <Filter>misc</Filter>
    </ClInclude>
    <ClInclude Include="..\4DyuchiGXGFunc\global.h">
      <Filter>misc</Filter>
    </ClInclude>
    <ClInclude Include="image.h">
      <Filter>misc</Filter>
    </ClInclude>
    <ClInclude Include="render_type.h">
      <Filter>misc</Filter>
    </ClInclude>
    <ClInclude Include="renderer_typedef.h">
      <Filter>misc</Filter>
    </ClInclude>
    <ClInclude Include="TIF.H">
      <Filter>misc</Filter>
    </ClInclude>
    <ClInclude Include="..\4DyuchiGRX_common\typedef.h">
      <Filter>misc</Filter>
    </ClInclude>
    <ClInclude Include="VariableBuffer.h">
      <Filter>misc</Filter>
    </ClInclude>
    <ClInclude Include="..\4DyuchiGRX_common\FileStorage_typedef.h">
      <Filter>COM Interface</Filter>
    </ClInclude>
    <ClInclude Include="..\4DyuchiGRX_common\IExecutive.h">
      <Filter>COM Interface</Filter>
    </ClInclude>
    <ClInclude Include="..\4DyuchiGRX_common\IExecutive_GUID.h">
      <Filter>COM Interface</Filter>
    </ClInclude>
    <ClInclude Include="..\4DyuchiGRX_common\IFileStorage.h">
      <Filter>COM Interface</Filter>
    </ClInclude>
    <ClInclude Include="..\4DyuchiGRX_common\IFileStorage_GUID.h">
      <Filter>COM Interface</Filter>
    </ClInclude>
    <ClInclude Include="..\4DyuchiGRX_common\IGeometry.h">
      <Filter>COM Interface</Filter>
    </ClInclude>
    <ClInclude Include="..\4DyuchiGRX_common\IGeometry_GUID.h">
      <Filter>COM Interface</Filter>
    </ClInclude>
    <ClInclude Include="..\4DyuchiGRX_common\IRenderer.h">
      <Filter>COM Interface</Filter>
    </ClInclude>
    <ClInclude Include="..\4DyuchiGRX_common\IRenderer_GUID.h">
      <Filter>COM Interface</Filter>
    </ClInclude>
    <ClInclude Include="CoD3DDevice.h">
      <Filter>device</Filter>
    </ClInclude>
    <ClInclude Include="D3DResourceBufferHeap.h">
      <Filter>device</Filter>
    </ClInclude>
    <ClInclude Include="D3DResourceManager.h">
      <Filter>device</Filter>
    </ClInclude>
    <ClInclude Include="IBCache.h">
      <Filter>device</Filter>
    </ClInclude>
    <ClInclude Include="IBHeap.h">
      <Filter>device</Filter>
    </ClInclude>
    <ClInclude Include="IBManager.h">
      <Filter>device</Filter>
    </ClInclude>
    <ClInclude Include="IResourcePool.h">
      <Filter>device</Filter>
    </ClInclude>
    <ClInclude Include="MaterialManager.h">
      <Filter>device</Filter>
    </ClInclude>
    <ClInclude Include="RenderTexturePool.h">
      <Filter>device</Filter>
    </ClInclude>
    <ClInclude Include="StaticD3DResourcePool.h">
      <Filter>device</Filter>
    </ClInclude>
    <ClInclude Include="StaticIBPool.h">
      <Filter>device</Filter>
    </ClInclude>
    <ClInclude Include="StaticVBPool.h">
      <Filter>device</Filter>
    </ClInclude>
    <ClInclude Include="texture_manager.h">
      <Filter>device</Filter>
    </ClInclude>
    <ClInclude Include="VBCache.h">
      <Filter>device</Filter>
    </ClInclude>
    <ClInclude Include="VBHeap.h">
      <Filter>device</Filter>
    </ClInclude>
    <ClInclude Include="VBManager.h">
      <Filter>device</Filter>
    </ClInclude>
    <ClInclude Include="factory.h">
      <Filter>Header Files</Filter>
    </ClInclude>
    <ClInclude Include="global_variable.h">
      <Filter>Header Files</Filter>
    </ClInclude>
    <ClInclude Include="hashsearch.h">
      <Filter>Header Files</Filter>
    </ClInclude>
    <ClInclude Include="..\4DyuchiGRX_common\mesh_flag.h">
      <Filter>Header Files</Filter>
    </ClInclude>
    <ClInclude Include="..\4DyuchiGRX_common\motion_flag.h">
      <Filter>Header Files</Filter>
    </ClInclude>
    <ClInclude Include="resource.h">
      <Filter>Header Files</Filter>
    </ClInclude>
    <ClInclude Include="stdafx.h">
      <Filter>Header Files</Filter>
    </ClInclude>
    <ClInclude Include="RenderQ.h">
      <Filter>RenderQueue</Filter>
    </ClInclude>
    <ClInclude Include="RenderTriBuffer.h">
      <Filter>RenderQueue</Filter>
    </ClInclude>
    <ClInclude Include="SpriteBuffer.h">
      <Filter>RenderQueue</Filter>
    </ClInclude>
    <ClInclude Include="TextBuffer.h">
      <Filter>RenderQueue</Filter>
    </ClInclude>
    <ClInclude Include="ProjectionLight.h">
      <Filter>ProjectionLight</Filter>
    </ClInclude>
  </ItemGroup>
</Project>