<?xml version="1.0" encoding="utf-8"?>
<Project ToolsVersion="4.0" xmlns="http://schemas.microsoft.com/developer/msbuild/2003">
  <ItemGroup>
    <Filter Include="Source Files">
      <UniqueIdentifier>{5c361613-6faf-4be3-a5bf-fd9ac14aeb4a}</UniqueIdentifier>
      <Extensions>cpp;c;cxx;rc;def;r;odl;idl;hpj;bat</Extensions>
    </Filter>
    <Filter Include="Header Files">
      <UniqueIdentifier>{5503be7c-c84b-42ed-ac37-7652b45a9a1e}</UniqueIdentifier>
      <Extensions>h;hpp;hxx;hm;inl</Extensions>
    </Filter>
    <Filter Include="Resource Files">
      <UniqueIdentifier>{c5072a20-56ca-4bc0-80c4-b6cd199f611f}</UniqueIdentifier>
      <Extensions>ico;cur;bmp;dlg;rc2;rct;bin;rgs;gif;jpg;jpeg;jpe</Extensions>
    </Filter>
    <Filter Include="EngineHeader">
      <UniqueIdentifier>{ad3c1703-1995-4ecd-aba8-c3c8524a71c5}</UniqueIdentifier>
    </Filter>
  </ItemGroup>
  <ItemGroup>
    <ClCompile Include="BackgroundColorDlg.cpp">
      <Filter>Source Files</Filter>
    </ClCompile>
    <ClCompile Include="Camera.cpp">
      <Filter>Source Files</Filter>
    </ClCompile>
    <ClCompile Include="DialogBar.cpp">
      <Filter>Source Files</Filter>
    </ClCompile>
    <ClCompile Include="DlgCreateEffect.cpp">
      <Filter>Source Files</Filter>
    </ClCompile>
    <ClCompile Include="DlgEffectPalette.cpp">
      <Filter>Source Files</Filter>
    </ClCompile>
    <ClCompile Include="EngineRelation.cpp">
      <Filter>Source Files</Filter>
    </ClCompile>
    <ClCompile Include="FrontOfCameraDlg.cpp">
      <Filter>Source Files</Filter>
    </ClCompile>
    <ClCompile Include="IllusionAttachDlg.cpp">
      <Filter>Source Files</Filter>
    </ClCompile>
    <ClCompile Include="IllusionSetupDlg.cpp">
      <Filter>Source Files</Filter>
    </ClCompile>
    <ClCompile Include="LightDlg.cpp">
      <Filter>Source Files</Filter>
    </ClCompile>
    <ClCompile Include="ListBoxContainer.cpp">
      <Filter>Source Files</Filter>
    </ClCompile>
    <ClCompile Include="MainFrm.cpp">
      <Filter>Source Files</Filter>
    </ClCompile>
    <ClCompile Include="ModelView.cpp">
      <Filter>Source Files</Filter>
    </ClCompile>
    <ClCompile Include="ModelViewDoc.cpp">
      <Filter>Source Files</Filter>
    </ClCompile>
    <ClCompile Include="ModelViewView.cpp">
      <Filter>Source Files</Filter>
    </ClCompile>
    <ClCompile Include="SetFrameDlg.cpp">
      <Filter>Source Files</Filter>
    </ClCompile>
    <ClCompile Include="SpecularDlg.cpp">
      <Filter>Source Files</Filter>
    </ClCompile>
    <ClCompile Include="StdAfx.cpp">
      <Filter>Source Files</Filter>
    </ClCompile>
    <ClCompile Include="ToolBar.cpp">
      <Filter>Source Files</Filter>
    </ClCompile>
    <ClCompile Include="ToolInfo.cpp">
      <Filter>Source Files</Filter>
    </ClCompile>
  </ItemGroup>
  <ItemGroup>
    <ResourceCompile Include="ModelView.rc">
      <Filter>Source Files</Filter>
    </ResourceCompile>
  </ItemGroup>
  <ItemGroup>
    <ClInclude Include="BackgroundColorDlg.h">
      <Filter>Header Files</Filter>
    </ClInclude>
    <ClInclude Include="Camera.h">
      <Filter>Header Files</Filter>
    </ClInclude>
    <ClInclude Include="DialogBar.h">
      <Filter>Header Files</Filter>
    </ClInclude>
    <ClInclude Include="DlgCreateEffect.h">
      <Filter>Header Files</Filter>
    </ClInclude>
    <ClInclude Include="DlgEffectPalette.h">
      <Filter>Header Files</Filter>
    </ClInclude>
    <ClInclude Include="EngineRelation.h">
      <Filter>Header Files</Filter>
    </ClInclude>
    <ClInclude Include="FrontOfCameraDlg.h">
      <Filter>Header Files</Filter>
    </ClInclude>
    <ClInclude Include="..\4DyuchiGRX_common\GXSCHEDULE_PROC_MSG.h">
      <Filter>Header Files</Filter>
    </ClInclude>
    <ClInclude Include="..\4DyuchiGRX_common\IAudio.h">
      <Filter>Header Files</Filter>
    </ClInclude>
    <ClInclude Include="..\4DyuchiGRX_common\IAudio_GUID.h">
      <Filter>Header Files</Filter>
    </ClInclude>
    <ClInclude Include="..\4DyuchiGRX_common\IExecutive.h">
      <Filter>Header Files</Filter>
    </ClInclude>
    <ClInclude Include="..\4DyuchiGRX_common\IExecutive_GUID.h">
      <Filter>Header Files</Filter>
    </ClInclude>
    <ClInclude Include="..\4DyuchiGRX_common\IGeometry.h">
      <Filter>Header Files</Filter>
    </ClInclude>
    <ClInclude Include="..\4DyuchiGRX_common\IGeometry_GUID.h">
      <Filter>Header Files</Filter>
    </ClInclude>
    <ClInclude Include="IllusionAttachDlg.h">
      <Filter>Header Files</Filter>
    </ClInclude>
    <ClInclude Include="IllusionSetupDlg.h">
      <Filter>Header Files</Filter>
    </ClInclude>
    <ClInclude Include="..\4DyuchiGRX_common\IRenderer.h">
      <Filter>Header Files</Filter>
    </ClInclude>
    <ClInclude Include="..\4DyuchiGRX_common\IRenderer_GUID.h">
      <Filter>Header Files</Filter>
    </ClInclude>
    <ClInclude Include="LightDlg.h">
      <Filter>Header Files</Filter>
    </ClInclude>
    <ClInclude Include="ListBoxContainer.h">
      <Filter>Header Files</Filter>
    </ClInclude>
    <ClInclude Include="MainFrm.h">
      <Filter>Header Files</Filter>
    </ClInclude>
    <ClInclude Include="..\4DyuchiGRX_common\mesh_flag.h">
      <Filter>Header Files</Filter>
    </ClInclude>
    <ClInclude Include="ModelView.h">
      <Filter>Header Files</Filter>
    </ClInclude>
    <ClInclude Include="ModelViewDoc.h">
      <Filter>Header Files</Filter>
    </ClInclude>
    <ClInclude Include="ModelViewView.h">
      <Filter>Header Files</Filter>
    </ClInclude>
    <ClInclude Include="..\4DyuchiGRX_common\motion_flag.h">
      <Filter>Header Files</Filter>
    </ClInclude>
    <ClInclude Include="Resource.h">
      <Filter>Header Files</Filter>
    </ClInclude>
    <ClInclude Include="SetFrameDlg.h">
      <Filter>Header Files</Filter>
    </ClInclude>
    <ClInclude Include="SpecularDlg.h">
      <Filter>Header Files</Filter>
    </ClInclude>
    <ClInclude Include="StdAfx.h">
      <Filter>Header Files</Filter>
    </ClInclude>
    <ClInclude Include="D:\4dyuchigx\4DyuchiGRX_common\StdAfx.h">
      <Filter>Header Files</Filter>
    </ClInclude>
    <ClInclude Include="ToolBar.h">
      <Filter>Header Files</Filter>
    </ClInclude>
    <ClInclude Include="ToolInfo.h">
      <Filter>Header Files</Filter>
    </ClInclude>
    <ClInclude Include="..\4DyuchiGRX_common\typedef.h">
      <Filter>Header Files</Filter>
    </ClInclude>
  </ItemGroup>
  <ItemGroup>
    <None Include="..\4DyuchiGRX_common\math.inl">
      <Filter>Header Files</Filter>
    </None>
    <None Include="res\ModelView.rc2">
      <Filter>Resource Files</Filter>
    </None>
    <None Include="DialogBar.asp" />
  </ItemGroup>
  <ItemGroup>
    <Image Include="res\ModelView.ico">
      <Filter>Resource Files</Filter>
    </Image>
    <Image Include="res\ModelViewDoc.ico">
      <Filter>Resource Files</Filter>
    </Image>
    <Image Include="res\toolbar1.bmp">
      <Filter>Resource Files</Filter>
    </Image>
  </ItemGroup>
  <ItemGroup>
    <Text Include="ReadMe.txt" />
  </ItemGroup>
</Project>