<?xml version="1.0" encoding="utf-8"?>
<Project ToolsVersion="4.0" xmlns="http://schemas.microsoft.com/developer/msbuild/2003">
  <ItemGroup>
    <Filter Include="Source Files">
      <UniqueIdentifier>{309e319f-4f1a-44ab-837d-85f74f50d616}</UniqueIdentifier>
      <Extensions>cpp;c;cxx;rc;def;r;odl;idl;hpj;bat</Extensions>
    </Filter>
    <Filter Include="Header Files">
      <UniqueIdentifier>{b6a62434-faec-4b56-923f-c4d4f0045b65}</UniqueIdentifier>
      <Extensions>h;hpp;hxx;hm;inl</Extensions>
    </Filter>
    <Filter Include="map">
      <UniqueIdentifier>{322a61d6-72a3-466c-9084-d60fde38876c}</UniqueIdentifier>
    </Filter>
    <Filter Include="map\myself97">
      <UniqueIdentifier>{2c798347-257f-4b62-a0c7-7f7fab4f0169}</UniqueIdentifier>
    </Filter>
    <Filter Include="map\myself97\충돌처리">
      <UniqueIdentifier>{ee63c1a5-12dc-4319-9490-cd24bb890314}</UniqueIdentifier>
    </Filter>
    <Filter Include="map\myself97\StaticTree">
      <UniqueIdentifier>{ba110fba-01e7-48a2-a3dd-da983abea9ff}</UniqueIdentifier>
    </Filter>
    <Filter Include="executive">
      <UniqueIdentifier>{23a5612b-3dce-4505-9237-32638d8128d8}</UniqueIdentifier>
    </Filter>
    <Filter Include="misc">
      <UniqueIdentifier>{ad5cff2a-8ee2-49b8-acbe-47061b9f8422}</UniqueIdentifier>
    </Filter>
    <Filter Include="COM Interface">
      <UniqueIdentifier>{a5cfafc6-29f8-4238-94dd-f6cd86f85e49}</UniqueIdentifier>
    </Filter>
    <Filter Include="object">
      <UniqueIdentifier>{18bfd1b3-27e1-450c-ada7-6ffffffeb466}</UniqueIdentifier>
    </Filter>
    <Filter Include="ShadeManager">
      <UniqueIdentifier>{769cdae2-32a2-4968-b6e0-0a555ea24b8c}</UniqueIdentifier>
    </Filter>
    <Filter Include="Resource Files">
      <UniqueIdentifier>{381f4741-d07b-4b9b-82ff-05c086f05ea7}</UniqueIdentifier>
      <Extensions>ico;cur;bmp;dlg;rc2;rct;bin;rgs;gif;jpg;jpeg;jpe</Extensions>
    </Filter>
  </ItemGroup>
  <ItemGroup>
    <None Include="4DyuchiGXEXECUTIVE.def">
      <Filter>Source Files</Filter>
    </None>
    <None Include="..\4DyuchiGRX_common\math.inl">
      <Filter>misc</Filter>
    </None>
  </ItemGroup>
  <ItemGroup>
    <ClCompile Include="dllmain.cpp">
      <Filter>Source Files</Filter>
    </ClCompile>
    <ClCompile Include="factory.cpp">
      <Filter>Source Files</Filter>
    </ClCompile>
    <ClCompile Include="GXDefault.cpp">
      <Filter>Source Files</Filter>
    </ClCompile>
    <ClCompile Include="stdafx.cpp">
      <Filter>Source Files</Filter>
    </ClCompile>
    <ClCompile Include="map.cpp">
      <Filter>map</Filter>
    </ClCompile>
    <ClCompile Include="..\4DyuchiGRX_myself97\CheckClock.cpp">
      <Filter>map\myself97</Filter>
    </ClCompile>
    <ClCompile Include="..\4DyuchiGRX_myself97\Logger.cpp">
      <Filter>map\myself97</Filter>
    </ClCompile>
    <ClCompile Include="..\4DyuchiGRX_myself97\MClipper.cpp">
      <Filter>map\myself97</Filter>
    </ClCompile>
    <ClCompile Include="..\4DyuchiGRX_myself97\Myself97Common.cpp">
      <Filter>map\myself97</Filter>
    </ClCompile>
    <ClCompile Include="..\4DyuchiGRX_myself97\TriangleLib.cpp">
      <Filter>map\myself97</Filter>
    </ClCompile>
    <ClCompile Include="..\4DYUCHIGRX_MYSELF97\CollisionTest\AAEllipsoidCollisionTest.cpp">
      <Filter>map\myself97\충돌처리</Filter>
    </ClCompile>
    <ClCompile Include="..\4DYUCHIGRX_MYSELF97\CollisionTest\CollisionTestMovingEllipsoidMeetTriangle.cpp">
      <Filter>map\myself97\충돌처리</Filter>
    </ClCompile>
    <ClCompile Include="..\4DYUCHIGRX_MYSELF97\CollisionTest\CollisionTestMovingSphereMeetTriangle.cpp">
      <Filter>map\myself97\충돌처리</Filter>
    </ClCompile>
    <ClCompile Include="..\4DyuchiGRX_myself97\CollisionTest\DummyCollisionTest.cpp">
      <Filter>map\myself97\충돌처리</Filter>
    </ClCompile>
    <ClCompile Include="..\4DyuchiGRX_myself97\CollisionTest\SphereCollisionTest.cpp">
      <Filter>map\myself97\충돌처리</Filter>
    </ClCompile>
    <ClCompile Include="..\4DyuchiGRX_myself97\MStaticObjectTree.cpp">
      <Filter>map\myself97\StaticTree</Filter>
    </ClCompile>
    <ClCompile Include="executive.cpp">
      <Filter>executive</Filter>
    </ClCompile>
    <ClCompile Include="GXDecal.cpp">
      <Filter>object</Filter>
    </ClCompile>
    <ClCompile Include="GXEventTriggerObject.cpp">
      <Filter>object</Filter>
    </ClCompile>
    <ClCompile Include="GXHFieldMapObject.cpp">
      <Filter>object</Filter>
    </ClCompile>
    <ClCompile Include="GXLight.cpp">
      <Filter>object</Filter>
    </ClCompile>
    <ClCompile Include="GXMapObject.cpp">
      <Filter>object</Filter>
    </ClCompile>
    <ClCompile Include="GXObject.cpp">
      <Filter>object</Filter>
    </ClCompile>
    <ClCompile Include="GXStaticMapObject.cpp">
      <Filter>object</Filter>
    </ClCompile>
    <ClCompile Include="ShadeManager.cpp">
      <Filter>ShadeManager</Filter>
    </ClCompile>
  </ItemGroup>
  <ItemGroup>
    <ResourceCompile Include="Script1.rc">
      <Filter>Source Files</Filter>
    </ResourceCompile>
  </ItemGroup>
  <ItemGroup>
    <ClInclude Include="factory.h">
      <Filter>Header Files</Filter>
    </ClInclude>
    <ClInclude Include="..\4DyuchiGRX_common\FileStorage_typedef.h">
      <Filter>Header Files</Filter>
    </ClInclude>
    <ClInclude Include="global_variable.h">
      <Filter>Header Files</Filter>
    </ClInclude>
    <ClInclude Include="GXDefault.h">
      <Filter>Header Files</Filter>
    </ClInclude>
    <ClInclude Include="resource.h">
      <Filter>Header Files</Filter>
    </ClInclude>
    <ClInclude Include="stdafx.h">
      <Filter>Header Files</Filter>
    </ClInclude>
    <ClInclude Include="map.h">
      <Filter>map</Filter>
    </ClInclude>
    <ClInclude Include="..\4DyuchiGRX_myself97\CheckClock.h">
      <Filter>map\myself97</Filter>
    </ClInclude>
    <ClInclude Include="..\4DyuchiGRX_myself97\logger.h">
      <Filter>map\myself97</Filter>
    </ClInclude>
    <ClInclude Include="..\4DyuchiGRX_myself97\MClipper.h">
      <Filter>map\myself97</Filter>
    </ClInclude>
    <ClInclude Include="..\4DyuchiGRX_myself97\Myself97Common.h">
      <Filter>map\myself97</Filter>
    </ClInclude>
    <ClInclude Include="..\4DyuchiGRX_myself97\TriangleLib.h">
      <Filter>map\myself97</Filter>
    </ClInclude>
    <ClInclude Include="..\4DYUCHIGRX_MYSELF97\CollisionTest\AAEllipsoidCollisionTest.h">
      <Filter>map\myself97\충돌처리</Filter>
    </ClInclude>
    <ClInclude Include="..\4DYUCHIGRX_MYSELF97\CollisionTest\CollisionTestMovingEllipsoidMeetTriangle.h">
      <Filter>map\myself97\충돌처리</Filter>
    </ClInclude>
    <ClInclude Include="..\4DYUCHIGRX_MYSELF97\CollisionTest\CollisionTestMovingSphereMeetTriangle.h">
      <Filter>map\myself97\충돌처리</Filter>
    </ClInclude>
    <ClInclude Include="..\4DyuchiGRX_myself97\CollisionTest\DummyCollisionTest.h">
      <Filter>map\myself97\충돌처리</Filter>
    </ClInclude>
    <ClInclude Include="..\4DyuchiGRX_myself97\CollisionTest\SphereCollisionTest.h">
      <Filter>map\myself97\충돌처리</Filter>
    </ClInclude>
    <ClInclude Include="..\4DyuchiGRX_myself97\MStaticObjectTree.h">
      <Filter>map\myself97\StaticTree</Filter>
    </ClInclude>
    <ClInclude Include="executive.h">
      <Filter>executive</Filter>
    </ClInclude>
    <ClInclude Include="..\4DyuchiGXGFunc\global.h">
      <Filter>misc</Filter>
    </ClInclude>
    <ClInclude Include="..\4DYUCHIGRX_COMMON\GXSCHEDULE_PROC_MSG.h">
      <Filter>misc</Filter>
    </ClInclude>
    <ClInclude Include="..\4DyuchiGRX_common\mesh_flag.h">
      <Filter>misc</Filter>
    </ClInclude>
    <ClInclude Include="..\4DyuchiGRX_common\typedef.h">
      <Filter>misc</Filter>
    </ClInclude>
    <ClInclude Include="..\4DyuchiGRX_common\IExecutive.h">
      <Filter>COM Interface</Filter>
    </ClInclude>
    <ClInclude Include="..\4DyuchiGRX_common\IExecutive_GUID.h">
      <Filter>COM Interface</Filter>
    </ClInclude>
    <ClInclude Include="..\4DyuchiGRX_common\IFileStorage.h">
      <Filter>COM Interface</Filter>
    </ClInclude>
    <ClInclude Include="..\4DyuchiGRX_common\IGeometry.h">
      <Filter>COM Interface</Filter>
    </ClInclude>
    <ClInclude Include="..\4DyuchiGRX_common\IGeometry_GUID.h">
      <Filter>COM Interface</Filter>
    </ClInclude>
    <ClInclude Include="..\4DyuchiGRX_common\IRenderer.h">
      <Filter>COM Interface</Filter>
    </ClInclude>
    <ClInclude Include="..\4DyuchiGRX_common\IRenderer_GUID.h">
      <Filter>COM Interface</Filter>
    </ClInclude>
    <ClInclude Include="GXDecal.h">
      <Filter>object</Filter>
    </ClInclude>
    <ClInclude Include="GXEventTriggerObject.h">
      <Filter>object</Filter>
    </ClInclude>
    <ClInclude Include="GXHFieldMapObject.h">
      <Filter>object</Filter>
    </ClInclude>
    <ClInclude Include="GXLight.h">
      <Filter>object</Filter>
    </ClInclude>
    <ClInclude Include="GXMapObject.h">
      <Filter>object</Filter>
    </ClInclude>
    <ClInclude Include="GXObject.h">
      <Filter>object</Filter>
    </ClInclude>
    <ClInclude Include="GXStaticMapObject.h">
      <Filter>object</Filter>
    </ClInclude>
    <ClInclude Include="ShadeManager.h">
      <Filter>ShadeManager</Filter>
    </ClInclude>
  </ItemGroup>
</Project>