Microsoft Visual Studio Solution File, Format Version 11.00
# Visual Studio 2010
Project("{8BC9CEB8-8B4A-11D0-8D11-00A0C91BC942}") = "CommonServer", "CommonServer.vcxproj", "{6799FABC-6F99-416A-8350-7AE7E6BFF0B2}"
EndProject
Global
	GlobalSection(SolutionConfigurationPlatforms) = preSolution
		CHINA_LOCALIZING_DBG|Win32 = CHINA_LOCALIZING_DBG|Win32
		CHINA_LOCALIZING_RRS|Win32 = CHINA_LOCALIZING_RRS|Win32
		Debug|Win32 = Debug|Win32
		dev|Win32 = dev|Win32
		Engine Test|Win32 = Engine Test|Win32
		JAPAN_LOCALIZING_DBG|Win32 = JAPAN_LOCALIZING_DBG|Win32
		JAPAN_LOCALIZING_RRS|Win32 = JAPAN_LOCALIZING_RRS|Win32
		Release|Win32 = Release|Win32
		TAIWAN_LOCALIZING_DBG|Win32 = TAIWAN_LOCALIZING_DBG|Win32
		TAIWAN_LOCALIZING_RRS|Win32 = TAIWAN_LOCALIZING_RRS|Win32
	EndGlobalSection
	GlobalSection(ProjectConfigurationPlatforms) = postSolution
		{6799FABC-6F99-416A-8350-7AE7E6BFF0B2}.CHINA_LOCALIZING_DBG|Win32.ActiveCfg = CHINA_LOCALIZING_DBG|Win32
		{6799FABC-6F99-416A-8350-7AE7E6BFF0B2}.CHINA_LOCALIZING_RRS|Win32.ActiveCfg = CHINA_LOCALIZING_RRS|Win32
		{6799FABC-6F99-416A-8350-7AE7E6BFF0B2}.Debug|Win32.ActiveCfg = Debug|Win32
		{6799FABC-6F99-416A-8350-7AE7E6BFF0B2}.dev|Win32.ActiveCfg = dev|Win32
		{6799FABC-6F99-416A-8350-7AE7E6BFF0B2}.Engine Test|Win32.ActiveCfg = TAIWAN_LOCALIZING_RRS|Win32
		{6799FABC-6F99-416A-8350-7AE7E6BFF0B2}.JAPAN_LOCALIZING_DBG|Win32.ActiveCfg = JAPAN_LOCALIZING_DBG|Win32
		{6799FABC-6F99-416A-8350-7AE7E6BFF0B2}.JAPAN_LOCALIZING_RRS|Win32.ActiveCfg = JAPAN_LOCALIZING_RRS|Win32
		{6799FABC-6F99-416A-8350-7AE7E6BFF0B2}.Release|Win32.ActiveCfg = Release|Win32
		{6799FABC-6F99-416A-8350-7AE7E6BFF0B2}.TAIWAN_LOCALIZING_DBG|Win32.ActiveCfg = TAIWAN_LOCALIZING_DBG|Win32
		{6799FABC-6F99-416A-8350-7AE7E6BFF0B2}.TAIWAN_LOCALIZING_RRS|Win32.ActiveCfg = TAIWAN_LOCALIZING_RRS|Win32
	EndGlobalSection
	GlobalSection(SolutionProperties) = preSolution
		HideSolutionNode = FALSE
	EndGlobalSection
EndGlobal
