<?xml version="1.0" encoding="utf-8"?>
<Project ToolsVersion="4.0" xmlns="http://schemas.microsoft.com/developer/msbuild/2003">
  <ItemGroup>
    <Filter Include="Memory">
      <UniqueIdentifier>{135a1b6f-3c25-442a-a28d-80049756764b}</UniqueIdentifier>
    </Filter>
    <Filter Include="Main Process">
      <UniqueIdentifier>{2338df8c-3e74-455a-9985-bdacbc9b0091}</UniqueIdentifier>
    </Filter>
    <Filter Include="Debug">
      <UniqueIdentifier>{6d4df8b0-737e-422d-8fad-8db28b6ac360}</UniqueIdentifier>
    </Filter>
    <Filter Include="Component">
      <UniqueIdentifier>{07c289be-3d9c-47ba-868a-a2a51e61cd4d}</UniqueIdentifier>
    </Filter>
    <Filter Include="Network Base">
      <UniqueIdentifier>{2cdc681b-e367-4afb-aa24-e6b5f2d33ed4}</UniqueIdentifier>
    </Filter>
    <Filter Include="cpio">
      <UniqueIdentifier>{001377c4-7121-4fac-b7df-98727be9e5dc}</UniqueIdentifier>
    </Filter>
    <Filter Include="etc">
      <UniqueIdentifier>{808e2c46-76c8-40c0-a667-8d03dbad59a2}</UniqueIdentifier>
    </Filter>
    <Filter Include="confirm">
      <UniqueIdentifier>{1ac8f5a0-3da3-4a42-8aa7-3a07e637438e}</UniqueIdentifier>
    </Filter>
  </ItemGroup>
  <ItemGroup>
    <ClCompile Include="dynamic_memory.cpp">
      <Filter>Memory</Filter>
    </ClCompile>
    <ClCompile Include="memory_object.cpp">
      <Filter>Memory</Filter>
    </ClCompile>
    <ClCompile Include="read_memory_handle.cpp">
      <Filter>Memory</Filter>
    </ClCompile>
    <ClCompile Include="write_memory_handle.cpp">
      <Filter>Memory</Filter>
    </ClCompile>
    <ClCompile Include="mainthread.cpp">
      <Filter>Main Process</Filter>
    </ClCompile>
    <ClCompile Include="que.cpp">
      <Filter>Main Process</Filter>
    </ClCompile>
    <ClCompile Include="quemanager.cpp">
      <Filter>Main Process</Filter>
    </ClCompile>
    <ClCompile Include="switch_que.cpp">
      <Filter>Main Process</Filter>
    </ClCompile>
    <ClCompile Include="timer.cpp">
      <Filter>Main Process</Filter>
    </ClCompile>
    <ClCompile Include="exception.cpp">
      <Filter>Debug</Filter>
    </ClCompile>
    <ClCompile Include="log.cpp">
      <Filter>Debug</Filter>
    </ClCompile>
    <ClCompile Include="conetwork.cpp">
      <Filter>Component</Filter>
    </ClCompile>
    <ClCompile Include="dllmain.cpp">
      <Filter>Component</Filter>
    </ClCompile>
    <ClCompile Include="factory.cpp">
      <Filter>Component</Filter>
    </ClCompile>
    <ClCompile Include="accept.cpp">
      <Filter>Network Base</Filter>
    </ClCompile>
    <ClCompile Include="connect.cpp">
      <Filter>Network Base</Filter>
    </ClCompile>
    <ClCompile Include="connect_que.cpp">
      <Filter>Network Base</Filter>
    </ClCompile>
    <ClCompile Include="connection.cpp">
      <Filter>Network Base</Filter>
    </ClCompile>
    <ClCompile Include="network.cpp">
      <Filter>Network Base</Filter>
    </ClCompile>
    <ClCompile Include="overlapped.cpp">
      <Filter>Network Base</Filter>
    </ClCompile>
    <ClCompile Include="overlapped_recv.cpp">
      <Filter>Network Base</Filter>
    </ClCompile>
    <ClCompile Include="overlapped_send.cpp">
      <Filter>Network Base</Filter>
    </ClCompile>
    <ClCompile Include="overlapped_udp.cpp">
      <Filter>Network Base</Filter>
    </ClCompile>
    <ClCompile Include="pre_connect.cpp">
      <Filter>Network Base</Filter>
    </ClCompile>
    <ClCompile Include="cpio.cpp">
      <Filter>cpio</Filter>
    </ClCompile>
    <ClCompile Include="collect_confirm_packet.cpp">
      <Filter>confirm</Filter>
    </ClCompile>
    <ClCompile Include="confirm.cpp">
      <Filter>confirm</Filter>
    </ClCompile>
    <ClCompile Include="create_index.cpp" />
    <ClCompile Include="net_global.cpp" />
  </ItemGroup>
  <ItemGroup>
    <ClInclude Include="exception.h">
      <Filter>Debug</Filter>
    </ClInclude>
  </ItemGroup>
  <ItemGroup>
    <None Include="I4DyuchiNET.def">
      <Filter>Component</Filter>
    </None>
  </ItemGroup>
</Project>