<?xml version="1.0" encoding="utf-8"?>
<Project ToolsVersion="4.0" xmlns="http://schemas.microsoft.com/developer/msbuild/2003">
  <ItemGroup>
    <Filter Include="Source Files">
      <UniqueIdentifier>{056cc4ae-8c3a-4991-aa87-4fd93fc0e535}</UniqueIdentifier>
      <Extensions>cpp;c;cxx;rc;def;r;odl;idl;hpj;bat</Extensions>
    </Filter>
    <Filter Include="Header Files">
      <UniqueIdentifier>{a5ae0d84-bff1-4f73-a3d7-faa0de854c1d}</UniqueIdentifier>
      <Extensions>h;hpp;hxx;hm;inl</Extensions>
    </Filter>
    <Filter Include="Resource Files">
      <UniqueIdentifier>{b13afc9f-4f5e-453d-9641-bbf0f932f6f3}</UniqueIdentifier>
      <Extensions>ico;cur;bmp;dlg;rc2;rct;bin;rgs;gif;jpg;jpeg;jpe</Extensions>
    </Filter>
    <Filter Include="TileSet">
      <UniqueIdentifier>{abe6e778-20cd-4942-88a8-bde9d5721a4b}</UniqueIdentifier>
    </Filter>
  </ItemGroup>
  <ItemGroup>
    <ClCompile Include="4DyuchiGXMapEditor.cpp">
      <Filter>Source Files</Filter>
    </ClCompile>
    <ClCompile Include="4DyuchiGXMapEditorDoc.cpp">
      <Filter>Source Files</Filter>
    </ClCompile>
    <ClCompile Include="4DyuchiGXMapEditorView.cpp">
      <Filter>Source Files</Filter>
    </ClCompile>
    <ClCompile Include="BottomPane.cpp">
      <Filter>Source Files</Filter>
    </ClCompile>
    <ClCompile Include="brush.cpp">
      <Filter>Source Files</Filter>
    </ClCompile>
    <ClCompile Include="ColorPalette.cpp">
      <Filter>Source Files</Filter>
    </ClCompile>
    <ClCompile Include="DialogConsole.cpp">
      <Filter>Source Files</Filter>
    </ClCompile>
    <ClCompile Include="DialogDirectionalLightProperty.cpp">
      <Filter>Source Files</Filter>
    </ClCompile>
    <ClCompile Include="DialogHFieldProperty.cpp">
      <Filter>Source Files</Filter>
    </ClCompile>
    <ClCompile Include="DialogTileBrushProperty.cpp">
      <Filter>Source Files</Filter>
    </ClCompile>
    <ClCompile Include="DialogTilePalette.cpp">
      <Filter>Source Files</Filter>
    </ClCompile>
    <ClCompile Include="DlgBarHField.cpp">
      <Filter>Source Files</Filter>
    </ClCompile>
    <ClCompile Include="DlgBarTool.cpp">
      <Filter>Source Files</Filter>
    </ClCompile>
    <ClCompile Include="helper.cpp">
      <Filter>Source Files</Filter>
    </ClCompile>
    <ClCompile Include="ItemCount.cpp">
      <Filter>Source Files</Filter>
    </ClCompile>
    <ClCompile Include="LightPosDlg.cpp">
      <Filter>Source Files</Filter>
    </ClCompile>
    <ClCompile Include="LightProperty.cpp">
      <Filter>Source Files</Filter>
    </ClCompile>
    <ClCompile Include="ListBoxContainer.cpp">
      <Filter>Source Files</Filter>
    </ClCompile>
    <ClCompile Include="MainFrm.cpp">
      <Filter>Source Files</Filter>
    </ClCompile>
    <ClCompile Include="..\4DyuchiGX_UTIL\MouseLib.cpp">
      <Filter>Source Files</Filter>
    </ClCompile>
    <ClCompile Include="..\4DyuchiGX_UTIL\MToolMouseStatus.cpp">
      <Filter>Source Files</Filter>
    </ClCompile>
    <ClCompile Include="MyListCtrl.cpp">
      <Filter>Source Files</Filter>
    </ClCompile>
    <ClCompile Include="MySplitter.cpp">
      <Filter>Source Files</Filter>
    </ClCompile>
    <ClCompile Include="NpcInfoDlg.cpp">
      <Filter>Source Files</Filter>
    </ClCompile>
    <ClCompile Include="ObjectProperty.cpp">
      <Filter>Source Files</Filter>
    </ClCompile>
    <ClCompile Include="parser.cpp">
      <Filter>Source Files</Filter>
    </ClCompile>
    <ClCompile Include="RightView.cpp">
      <Filter>Source Files</Filter>
    </ClCompile>
    <ClCompile Include="SectionInfoDlg.cpp">
      <Filter>Source Files</Filter>
    </ClCompile>
    <ClCompile Include="StdAfx.cpp">
      <Filter>Source Files</Filter>
    </ClCompile>
    <ClCompile Include="TileBrush.cpp">
      <Filter>Source Files</Filter>
    </ClCompile>
    <ClCompile Include="TileView.cpp">
      <Filter>Source Files</Filter>
    </ClCompile>
    <ClCompile Include="Tool.cpp">
      <Filter>Source Files</Filter>
    </ClCompile>
    <ClCompile Include="TriggerProperty.cpp">
      <Filter>Source Files</Filter>
    </ClCompile>
    <ClCompile Include="Voidlist.cpp">
      <Filter>Source Files</Filter>
    </ClCompile>
    <ClCompile Include="DialogEditEntry.cpp">
      <Filter>TileSet</Filter>
    </ClCompile>
    <ClCompile Include="DialogEditTileSet.cpp">
      <Filter>TileSet</Filter>
    </ClCompile>
    <ClCompile Include="DialogTileSet.cpp">
      <Filter>TileSet</Filter>
    </ClCompile>
    <ClCompile Include="TileSet.cpp">
      <Filter>TileSet</Filter>
    </ClCompile>
    <ClCompile Include="TileSetApplyer.cpp">
      <Filter>TileSet</Filter>
    </ClCompile>
    <ClCompile Include="TileSetEntry.cpp">
      <Filter>TileSet</Filter>
    </ClCompile>
    <ClCompile Include="TileSetPiece.cpp">
      <Filter>TileSet</Filter>
    </ClCompile>
  </ItemGroup>
  <ItemGroup>
    <ResourceCompile Include="4DyuchiGXMapEditor.rc">
      <Filter>Source Files</Filter>
    </ResourceCompile>
  </ItemGroup>
  <ItemGroup>
    <ClInclude Include="4DyuchiGXMapEditor.h">
      <Filter>Header Files</Filter>
    </ClInclude>
    <ClInclude Include="4DyuchiGXMapEditorDoc.h">
      <Filter>Header Files</Filter>
    </ClInclude>
    <ClInclude Include="4DyuchiGXMapEditorView.h">
      <Filter>Header Files</Filter>
    </ClInclude>
    <ClInclude Include="BottomPane.h">
      <Filter>Header Files</Filter>
    </ClInclude>
    <ClInclude Include="brush.h">
      <Filter>Header Files</Filter>
    </ClInclude>
    <ClInclude Include="ColorPalette.h">
      <Filter>Header Files</Filter>
    </ClInclude>
    <ClInclude Include="DialogConsole.h">
      <Filter>Header Files</Filter>
    </ClInclude>
    <ClInclude Include="DialogDirectionalLightProperty.h">
      <Filter>Header Files</Filter>
    </ClInclude>
    <ClInclude Include="DialogHFieldProperty.h">
      <Filter>Header Files</Filter>
    </ClInclude>
    <ClInclude Include="DialogTileBrushProperty.h">
      <Filter>Header Files</Filter>
    </ClInclude>
    <ClInclude Include="DialogTilePalette.h">
      <Filter>Header Files</Filter>
    </ClInclude>
    <ClInclude Include="DlgBarHField.h">
      <Filter>Header Files</Filter>
    </ClInclude>
    <ClInclude Include="DlgBarTool.h">
      <Filter>Header Files</Filter>
    </ClInclude>
    <ClInclude Include="..\4DyuchiGRX_common\FileStorage_typedef.h">
      <Filter>Header Files</Filter>
    </ClInclude>
    <ClInclude Include="FuncTable.h">
      <Filter>Header Files</Filter>
    </ClInclude>
    <ClInclude Include="..\4DyuchiGXGFunc\global.h">
      <Filter>Header Files</Filter>
    </ClInclude>
    <ClInclude Include="GXSCHEDULE_PROC_MSG.h">
      <Filter>Header Files</Filter>
    </ClInclude>
    <ClInclude Include="helper.h">
      <Filter>Header Files</Filter>
    </ClInclude>
    <ClInclude Include="..\4DyuchiGRX_common\IAudio.h">
      <Filter>Header Files</Filter>
    </ClInclude>
    <ClInclude Include="..\4DyuchiGRX_common\IExecutive.h">
      <Filter>Header Files</Filter>
    </ClInclude>
    <ClInclude Include="..\4DyuchiGRX_common\IFileStorage.h">
      <Filter>Header Files</Filter>
    </ClInclude>
    <ClInclude Include="..\4DyuchiGRX_common\IGeometry.h">
      <Filter>Header Files</Filter>
    </ClInclude>
    <ClInclude Include="..\4DyuchiGRX_common\IRenderer.h">
      <Filter>Header Files</Filter>
    </ClInclude>
    <ClInclude Include="ItemCount.h">
      <Filter>Header Files</Filter>
    </ClInclude>
    <ClInclude Include="LightPosDlg.h">
      <Filter>Header Files</Filter>
    </ClInclude>
    <ClInclude Include="LightProperty.h">
      <Filter>Header Files</Filter>
    </ClInclude>
    <ClInclude Include="ListBoxContainer.h">
      <Filter>Header Files</Filter>
    </ClInclude>
    <ClInclude Include="MainFrm.h">
      <Filter>Header Files</Filter>
    </ClInclude>
    <ClInclude Include="..\4DyuchiGX_UTIL\MouseLib.h">
      <Filter>Header Files</Filter>
    </ClInclude>
    <ClInclude Include="..\4DyuchiGX_UTIL\MToolMouseStatus.h">
      <Filter>Header Files</Filter>
    </ClInclude>
    <ClInclude Include="MyListCtrl.h">
      <Filter>Header Files</Filter>
    </ClInclude>
    <ClInclude Include="MySplitter.h">
      <Filter>Header Files</Filter>
    </ClInclude>
    <ClInclude Include="NpcInfoDlg.h">
      <Filter>Header Files</Filter>
    </ClInclude>
    <ClInclude Include="ObjectProperty.h">
      <Filter>Header Files</Filter>
    </ClInclude>
    <ClInclude Include="parser.h">
      <Filter>Header Files</Filter>
    </ClInclude>
    <ClInclude Include="Resource.h">
      <Filter>Header Files</Filter>
    </ClInclude>
    <ClInclude Include="RightView.h">
      <Filter>Header Files</Filter>
    </ClInclude>
    <ClInclude Include="SectionInfoDlg.h">
      <Filter>Header Files</Filter>
    </ClInclude>
    <ClInclude Include="StdAfx.h">
      <Filter>Header Files</Filter>
    </ClInclude>
    <ClInclude Include="TileBrush.h">
      <Filter>Header Files</Filter>
    </ClInclude>
    <ClInclude Include="TileTableDesc.h">
      <Filter>Header Files</Filter>
    </ClInclude>
    <ClInclude Include="TileView.h">
      <Filter>Header Files</Filter>
    </ClInclude>
    <ClInclude Include="Tool.h">
      <Filter>Header Files</Filter>
    </ClInclude>
    <ClInclude Include="TriggerProperty.h">
      <Filter>Header Files</Filter>
    </ClInclude>
    <ClInclude Include="..\4DyuchiGRX_common\typedef.h">
      <Filter>Header Files</Filter>
    </ClInclude>
    <ClInclude Include="Voidlist.h">
      <Filter>Header Files</Filter>
    </ClInclude>
    <ClInclude Include="DialogEditEntry.h">
      <Filter>TileSet</Filter>
    </ClInclude>
    <ClInclude Include="DialogEditTileSet.h">
      <Filter>TileSet</Filter>
    </ClInclude>
    <ClInclude Include="DialogTileSet.h">
      <Filter>TileSet</Filter>
    </ClInclude>
    <ClInclude Include="TileSet.h">
      <Filter>TileSet</Filter>
    </ClInclude>
    <ClInclude Include="TileSetApplyer.h">
      <Filter>TileSet</Filter>
    </ClInclude>
    <ClInclude Include="TileSetEntry.h">
      <Filter>TileSet</Filter>
    </ClInclude>
    <ClInclude Include="TileSetPiece.h">
      <Filter>TileSet</Filter>
    </ClInclude>
  </ItemGroup>
  <ItemGroup>
    <None Include="..\4DyuchiGRX_common\math.inl">
      <Filter>Header Files</Filter>
    </None>
  </ItemGroup>
  <ItemGroup>
    <Image Include="res\4DyuchiGXMapEditor.ico">
      <Filter>Resource Files</Filter>
    </Image>
    <Image Include="res\4DyuchiGXMapEditorDoc.ico">
      <Filter>Resource Files</Filter>
    </Image>
    <Image Include="res\idr_bott.ico">
      <Filter>Resource Files</Filter>
    </Image>
    <Image Include="res\idr_lefp.ico">
      <Filter>Resource Files</Filter>
    </Image>
    <Image Include="res\idr_left.ico">
      <Filter>Resource Files</Filter>
    </Image>
    <Image Include="res\idr_mode.ico">
      <Filter>Resource Files</Filter>
    </Image>
    <Image Include="res\pick.bmp">
      <Filter>Resource Files</Filter>
    </Image>
    <Image Include="res\pick_color.bmp">
      <Filter>Resource Files</Filter>
    </Image>
    <Image Include="sdi.ico">
      <Filter>Resource Files</Filter>
    </Image>
    <Image Include="res\Toolbar.bmp">
      <Filter>Resource Files</Filter>
    </Image>
  </ItemGroup>
  <ItemGroup>
    <Text Include="ReadMe.txt" />
  </ItemGroup>
</Project>