Microsoft Visual Studio Solution File, Format Version 12.00
# Visual Studio Version 17
VisualStudioVersion = 17.12.35707.178
MinimumVisualStudioVersion = 10.0.40219.1
Project("{8BC9CEB8-8B4A-11D0-8D11-00A0C91BC942}") = "CorumOnlineProject", "CorumOnlineProject.vcxproj", "{D9CE3238-B030-430A-BA0A-6AF91AC8D9B2}"
	ProjectSection(ProjectDependencies) = postProject
		{1B17878E-9CB1-422B-985C-F07C3E5678D8} = {1B17878E-9CB1-422B-985C-F07C3E5678D8}
		{6108148B-57B7-4C94-9901-CFA81DDEE539} = {6108148B-57B7-4C94-9901-CFA81DDEE539}
		{6799FABC-6F99-416A-8350-7AE7E6BFF0B2} = {6799FABC-6F99-416A-8350-7AE7E6BFF0B2}
		{7D7B58DC-ED02-464E-A5B2-3B39F14524F0} = {7D7B58DC-ED02-464E-A5B2-3B39F14524F0}
		{8247C015-3FD6-414B-85EF-1C4530452C20} = {8247C015-3FD6-414B-85EF-1C4530452C20}
		{896EEE52-A39E-4FDB-B932-ED8FD8B7A956} = {896EEE52-A39E-4FDB-B932-ED8FD8B7A956}
		{9C9C2CDA-E04A-48DD-BFD4-D5F98432FD56} = {9C9C2CDA-E04A-48DD-BFD4-D5F98432FD56}
		{A0F99550-B20D-433B-8402-CDCAAB395885} = {A0F99550-B20D-433B-8402-CDCAAB395885}
		{CFB0CD92-3451-4AB6-BB4C-CE2CF5B58D0A} = {CFB0CD92-3451-4AB6-BB4C-CE2CF5B58D0A}
		{F8A9E857-2C61-41E5-BF83-158CAAF1D702} = {F8A9E857-2C61-41E5-BF83-158CAAF1D702}
	EndProjectSection
EndProject
Project("{8BC9CEB8-8B4A-11D0-8D11-00A0C91BC942}") = "LoginAgent", "..\LoginAgent\LoginAgent.vcxproj", "{85428F33-05A6-47C7-9D8A-65165B85EC94}"
	ProjectSection(ProjectDependencies) = postProject
		{6799FABC-6F99-416A-8350-7AE7E6BFF0B2} = {6799FABC-6F99-416A-8350-7AE7E6BFF0B2}
		{CFB0CD92-3451-4AB6-BB4C-CE2CF5B58D0A} = {CFB0CD92-3451-4AB6-BB4C-CE2CF5B58D0A}
	EndProjectSection
EndProject
Project("{8BC9CEB8-8B4A-11D0-8D11-00A0C91BC942}") = "CommonServer", "..\CommonServer\CommonServer.vcxproj", "{6799FABC-6F99-416A-8350-7AE7E6BFF0B2}"
	ProjectSection(ProjectDependencies) = postProject
		{1B17878E-9CB1-422B-985C-F07C3E5678D8} = {1B17878E-9CB1-422B-985C-F07C3E5678D8}
		{F8A9E857-2C61-41E5-BF83-158CAAF1D702} = {F8A9E857-2C61-41E5-BF83-158CAAF1D702}
	EndProjectSection
EndProject
Project("{8BC9CEB8-8B4A-11D0-8D11-00A0C91BC942}") = "WorldServer", "..\WorldServer\WorldServer.vcxproj", "{A8DD27AC-70EA-4466-835C-56B4D057D23B}"
	ProjectSection(ProjectDependencies) = postProject
		{6799FABC-6F99-416A-8350-7AE7E6BFF0B2} = {6799FABC-6F99-416A-8350-7AE7E6BFF0B2}
		{CFB0CD92-3451-4AB6-BB4C-CE2CF5B58D0A} = {CFB0CD92-3451-4AB6-BB4C-CE2CF5B58D0A}
	EndProjectSection
EndProject
Project("{8BC9CEB8-8B4A-11D0-8D11-00A0C91BC942}") = "DungeonServer", "..\DungeonServer\DungeonServer.vcxproj", "{84A559AD-ECE8-4F59-A323-93E0B6080C36}"
	ProjectSection(ProjectDependencies) = postProject
		{6799FABC-6F99-416A-8350-7AE7E6BFF0B2} = {6799FABC-6F99-416A-8350-7AE7E6BFF0B2}
		{CFB0CD92-3451-4AB6-BB4C-CE2CF5B58D0A} = {CFB0CD92-3451-4AB6-BB4C-CE2CF5B58D0A}
		{F8A9E857-2C61-41E5-BF83-158CAAF1D702} = {F8A9E857-2C61-41E5-BF83-158CAAF1D702}
	EndProjectSection
EndProject
Project("{8BC9CEB8-8B4A-11D0-8D11-00A0C91BC942}") = "BaseLibrary", "..\BaseLibrary\BaseLibrary.vcxproj", "{F8A9E857-2C61-41E5-BF83-158CAAF1D702}"
EndProject
Project("{8BC9CEB8-8B4A-11D0-8D11-00A0C91BC942}") = "4DyuchiGXExecutive", "..\SS3D_0719\4DYuchiGX\4DYUCHIGXEXECUTIVE\4DyuchiGXExecutive.vcxproj", "{896EEE52-A39E-4FDB-B932-ED8FD8B7A956}"
	ProjectSection(ProjectDependencies) = postProject
		{6108148B-57B7-4C94-9901-CFA81DDEE539} = {6108148B-57B7-4C94-9901-CFA81DDEE539}
		{7D7B58DC-ED02-464E-A5B2-3B39F14524F0} = {7D7B58DC-ED02-464E-A5B2-3B39F14524F0}
		{A0F99550-B20D-433B-8402-CDCAAB395885} = {A0F99550-B20D-433B-8402-CDCAAB395885}
		{CFB0CD92-3451-4AB6-BB4C-CE2CF5B58D0A} = {CFB0CD92-3451-4AB6-BB4C-CE2CF5B58D0A}
	EndProjectSection
EndProject
Project("{8BC9CEB8-8B4A-11D0-8D11-00A0C91BC942}") = "4DyuchiGXGFunc", "..\SS3D_0719\4DYuchiGX\4DyuchiGXGFunc\4DyuchiGXGFunc.vcxproj", "{CFB0CD92-3451-4AB6-BB4C-CE2CF5B58D0A}"
EndProject
Project("{8BC9CEB8-8B4A-11D0-8D11-00A0C91BC942}") = "4DyuchiFileStorage", "..\SS3D_0719\4DYuchiGX\4DyuchiFileStorage\4DyuchiFileStorage.vcxproj", "{6108148B-57B7-4C94-9901-CFA81DDEE539}"
	ProjectSection(ProjectDependencies) = postProject
		{CFB0CD92-3451-4AB6-BB4C-CE2CF5B58D0A} = {CFB0CD92-3451-4AB6-BB4C-CE2CF5B58D0A}
	EndProjectSection
EndProject
Project("{8BC9CEB8-8B4A-11D0-8D11-00A0C91BC942}") = "4DyuchiGX_Render", "..\SS3D_0719\4DYuchiGX\4DYUCHIGX_RENDER\4DyuchiGX_Render.vcxproj", "{7D7B58DC-ED02-464E-A5B2-3B39F14524F0}"
	ProjectSection(ProjectDependencies) = postProject
		{CFB0CD92-3451-4AB6-BB4C-CE2CF5B58D0A} = {CFB0CD92-3451-4AB6-BB4C-CE2CF5B58D0A}
	EndProjectSection
EndProject
Project("{8BC9CEB8-8B4A-11D0-8D11-00A0C91BC942}") = "4DyuchiGXGeometry", "..\SS3D_0719\4DYuchiGX\4DyuchiGXGeometry\4DyuchiGXGeometry.vcxproj", "{A0F99550-B20D-433B-8402-CDCAAB395885}"
	ProjectSection(ProjectDependencies) = postProject
		{CFB0CD92-3451-4AB6-BB4C-CE2CF5B58D0A} = {CFB0CD92-3451-4AB6-BB4C-CE2CF5B58D0A}
	EndProjectSection
EndProject
Project("{8BC9CEB8-8B4A-11D0-8D11-00A0C91BC942}") = "I4DyuchiNET", "..\I4DyuchiNET\I4DyuchiNET.vcxproj", "{1B17878E-9CB1-422B-985C-F07C3E5678D8}"
EndProject
Project("{8BC9CEB8-8B4A-11D0-8D11-00A0C91BC942}") = "BaseNetwork", "..\[Lib]BaseNetwork\BaseNetwork.vcxproj", "{8247C015-3FD6-414B-85EF-1C4530452C20}"
EndProject
Project("{8BC9CEB8-8B4A-11D0-8D11-00A0C91BC942}") = "4DyuchiFilePack", "..\SS3D_0719\4DYuchiGX\4DyuchiFilePack\4DyuchiFilePack.vcxproj", "{D9A63CE6-AF59-4A75-BDEF-E692A051E713}"
	ProjectSection(ProjectDependencies) = postProject
		{6108148B-57B7-4C94-9901-CFA81DDEE539} = {6108148B-57B7-4C94-9901-CFA81DDEE539}
		{CFB0CD92-3451-4AB6-BB4C-CE2CF5B58D0A} = {CFB0CD92-3451-4AB6-BB4C-CE2CF5B58D0A}
	EndProjectSection
EndProject
Project("{8BC9CEB8-8B4A-11D0-8D11-00A0C91BC942}") = "CorumPreferences", "..\CorumPreferences\CorumPreferences.vcxproj", "{9C9C2CDA-E04A-48DD-BFD4-D5F98432FD56}"
EndProject
Project("{8BC9CEB8-8B4A-11D0-8D11-00A0C91BC942}") = "CorumPreLauncher", "..\CorumPreLauncher\CorumPreLauncher.vcxproj", "{973BA2F8-6C15-4C4B-8587-0546CCE60A23}"
	ProjectSection(ProjectDependencies) = postProject
		{9C9C2CDA-E04A-48DD-BFD4-D5F98432FD56} = {9C9C2CDA-E04A-48DD-BFD4-D5F98432FD56}
	EndProjectSection
EndProject
Global
	GlobalSection(SolutionConfigurationPlatforms) = preSolution
		Debug|x64 = Debug|x64
		Debug|x86 = Debug|x86
		Release|x64 = Release|x64
		Release|x86 = Release|x86
	EndGlobalSection
	GlobalSection(ProjectConfigurationPlatforms) = postSolution
		{D9CE3238-B030-430A-BA0A-6AF91AC8D9B2}.Debug|x64.ActiveCfg = Debug|Win32
		{D9CE3238-B030-430A-BA0A-6AF91AC8D9B2}.Debug|x64.Build.0 = Debug|Win32
		{D9CE3238-B030-430A-BA0A-6AF91AC8D9B2}.Debug|x86.ActiveCfg = Debug|Win32
		{D9CE3238-B030-430A-BA0A-6AF91AC8D9B2}.Debug|x86.Build.0 = Debug|Win32
		{D9CE3238-B030-430A-BA0A-6AF91AC8D9B2}.Release|x64.ActiveCfg = Release|Win32
		{D9CE3238-B030-430A-BA0A-6AF91AC8D9B2}.Release|x64.Build.0 = Release|Win32
		{D9CE3238-B030-430A-BA0A-6AF91AC8D9B2}.Release|x86.ActiveCfg = Release|Win32
		{D9CE3238-B030-430A-BA0A-6AF91AC8D9B2}.Release|x86.Build.0 = Release|Win32
		{85428F33-05A6-47C7-9D8A-65165B85EC94}.Debug|x64.ActiveCfg = Debug|Win32
		{85428F33-05A6-47C7-9D8A-65165B85EC94}.Debug|x64.Build.0 = Debug|Win32
		{85428F33-05A6-47C7-9D8A-65165B85EC94}.Debug|x86.ActiveCfg = Debug|Win32
		{85428F33-05A6-47C7-9D8A-65165B85EC94}.Debug|x86.Build.0 = Debug|Win32
		{85428F33-05A6-47C7-9D8A-65165B85EC94}.Release|x64.ActiveCfg = Release|Win32
		{85428F33-05A6-47C7-9D8A-65165B85EC94}.Release|x64.Build.0 = Release|Win32
		{85428F33-05A6-47C7-9D8A-65165B85EC94}.Release|x86.ActiveCfg = Release|Win32
		{85428F33-05A6-47C7-9D8A-65165B85EC94}.Release|x86.Build.0 = Release|Win32
		{6799FABC-6F99-416A-8350-7AE7E6BFF0B2}.Debug|x64.ActiveCfg = Debug|Win32
		{6799FABC-6F99-416A-8350-7AE7E6BFF0B2}.Debug|x64.Build.0 = Debug|Win32
		{6799FABC-6F99-416A-8350-7AE7E6BFF0B2}.Debug|x86.ActiveCfg = Debug|Win32
		{6799FABC-6F99-416A-8350-7AE7E6BFF0B2}.Debug|x86.Build.0 = Debug|Win32
		{6799FABC-6F99-416A-8350-7AE7E6BFF0B2}.Release|x64.ActiveCfg = Release|Win32
		{6799FABC-6F99-416A-8350-7AE7E6BFF0B2}.Release|x64.Build.0 = Release|Win32
		{6799FABC-6F99-416A-8350-7AE7E6BFF0B2}.Release|x86.ActiveCfg = Release|Win32
		{6799FABC-6F99-416A-8350-7AE7E6BFF0B2}.Release|x86.Build.0 = Release|Win32
		{A8DD27AC-70EA-4466-835C-56B4D057D23B}.Debug|x64.ActiveCfg = Debug|Win32
		{A8DD27AC-70EA-4466-835C-56B4D057D23B}.Debug|x64.Build.0 = Debug|Win32
		{A8DD27AC-70EA-4466-835C-56B4D057D23B}.Debug|x86.ActiveCfg = Debug|Win32
		{A8DD27AC-70EA-4466-835C-56B4D057D23B}.Debug|x86.Build.0 = Debug|Win32
		{A8DD27AC-70EA-4466-835C-56B4D057D23B}.Release|x64.ActiveCfg = Release|Win32
		{A8DD27AC-70EA-4466-835C-56B4D057D23B}.Release|x64.Build.0 = Release|Win32
		{A8DD27AC-70EA-4466-835C-56B4D057D23B}.Release|x86.ActiveCfg = Release|Win32
		{A8DD27AC-70EA-4466-835C-56B4D057D23B}.Release|x86.Build.0 = Release|Win32
		{84A559AD-ECE8-4F59-A323-93E0B6080C36}.Debug|x64.ActiveCfg = Debug|Win32
		{84A559AD-ECE8-4F59-A323-93E0B6080C36}.Debug|x64.Build.0 = Debug|Win32
		{84A559AD-ECE8-4F59-A323-93E0B6080C36}.Debug|x86.ActiveCfg = Debug|Win32
		{84A559AD-ECE8-4F59-A323-93E0B6080C36}.Debug|x86.Build.0 = Debug|Win32
		{84A559AD-ECE8-4F59-A323-93E0B6080C36}.Release|x64.ActiveCfg = Release|Win32
		{84A559AD-ECE8-4F59-A323-93E0B6080C36}.Release|x64.Build.0 = Release|Win32
		{84A559AD-ECE8-4F59-A323-93E0B6080C36}.Release|x86.ActiveCfg = Release|Win32
		{84A559AD-ECE8-4F59-A323-93E0B6080C36}.Release|x86.Build.0 = Release|Win32
		{F8A9E857-2C61-41E5-BF83-158CAAF1D702}.Debug|x64.ActiveCfg = Debug|Win32
		{F8A9E857-2C61-41E5-BF83-158CAAF1D702}.Debug|x64.Build.0 = Debug|Win32
		{F8A9E857-2C61-41E5-BF83-158CAAF1D702}.Debug|x86.ActiveCfg = Debug|Win32
		{F8A9E857-2C61-41E5-BF83-158CAAF1D702}.Debug|x86.Build.0 = Debug|Win32
		{F8A9E857-2C61-41E5-BF83-158CAAF1D702}.Release|x64.ActiveCfg = Release|Win32
		{F8A9E857-2C61-41E5-BF83-158CAAF1D702}.Release|x64.Build.0 = Release|Win32
		{F8A9E857-2C61-41E5-BF83-158CAAF1D702}.Release|x86.ActiveCfg = Release|Win32
		{F8A9E857-2C61-41E5-BF83-158CAAF1D702}.Release|x86.Build.0 = Release|Win32
		{896EEE52-A39E-4FDB-B932-ED8FD8B7A956}.Debug|x64.ActiveCfg = Debug|Win32
		{896EEE52-A39E-4FDB-B932-ED8FD8B7A956}.Debug|x64.Build.0 = Debug|Win32
		{896EEE52-A39E-4FDB-B932-ED8FD8B7A956}.Debug|x86.ActiveCfg = Debug|Win32
		{896EEE52-A39E-4FDB-B932-ED8FD8B7A956}.Debug|x86.Build.0 = Debug|Win32
		{896EEE52-A39E-4FDB-B932-ED8FD8B7A956}.Release|x64.ActiveCfg = Release|Win32
		{896EEE52-A39E-4FDB-B932-ED8FD8B7A956}.Release|x64.Build.0 = Release|Win32
		{896EEE52-A39E-4FDB-B932-ED8FD8B7A956}.Release|x86.ActiveCfg = Release|Win32
		{896EEE52-A39E-4FDB-B932-ED8FD8B7A956}.Release|x86.Build.0 = Release|Win32
		{CFB0CD92-3451-4AB6-BB4C-CE2CF5B58D0A}.Debug|x64.ActiveCfg = Debug|Win32
		{CFB0CD92-3451-4AB6-BB4C-CE2CF5B58D0A}.Debug|x64.Build.0 = Debug|Win32
		{CFB0CD92-3451-4AB6-BB4C-CE2CF5B58D0A}.Debug|x86.ActiveCfg = Debug|Win32
		{CFB0CD92-3451-4AB6-BB4C-CE2CF5B58D0A}.Debug|x86.Build.0 = Debug|Win32
		{CFB0CD92-3451-4AB6-BB4C-CE2CF5B58D0A}.Release|x64.ActiveCfg = Release|Win32
		{CFB0CD92-3451-4AB6-BB4C-CE2CF5B58D0A}.Release|x64.Build.0 = Release|Win32
		{CFB0CD92-3451-4AB6-BB4C-CE2CF5B58D0A}.Release|x86.ActiveCfg = Release|Win32
		{CFB0CD92-3451-4AB6-BB4C-CE2CF5B58D0A}.Release|x86.Build.0 = Release|Win32
		{6108148B-57B7-4C94-9901-CFA81DDEE539}.Debug|x64.ActiveCfg = Debug|Win32
		{6108148B-57B7-4C94-9901-CFA81DDEE539}.Debug|x64.Build.0 = Debug|Win32
		{6108148B-57B7-4C94-9901-CFA81DDEE539}.Debug|x86.ActiveCfg = Debug|Win32
		{6108148B-57B7-4C94-9901-CFA81DDEE539}.Debug|x86.Build.0 = Debug|Win32
		{6108148B-57B7-4C94-9901-CFA81DDEE539}.Release|x64.ActiveCfg = Release|Win32
		{6108148B-57B7-4C94-9901-CFA81DDEE539}.Release|x64.Build.0 = Release|Win32
		{6108148B-57B7-4C94-9901-CFA81DDEE539}.Release|x86.ActiveCfg = Release|Win32
		{6108148B-57B7-4C94-9901-CFA81DDEE539}.Release|x86.Build.0 = Release|Win32
		{7D7B58DC-ED02-464E-A5B2-3B39F14524F0}.Debug|x64.ActiveCfg = Debug|Win32
		{7D7B58DC-ED02-464E-A5B2-3B39F14524F0}.Debug|x64.Build.0 = Debug|Win32
		{7D7B58DC-ED02-464E-A5B2-3B39F14524F0}.Debug|x86.ActiveCfg = Debug|Win32
		{7D7B58DC-ED02-464E-A5B2-3B39F14524F0}.Debug|x86.Build.0 = Debug|Win32
		{7D7B58DC-ED02-464E-A5B2-3B39F14524F0}.Release|x64.ActiveCfg = Release|Win32
		{7D7B58DC-ED02-464E-A5B2-3B39F14524F0}.Release|x64.Build.0 = Release|Win32
		{7D7B58DC-ED02-464E-A5B2-3B39F14524F0}.Release|x86.ActiveCfg = Release|Win32
		{7D7B58DC-ED02-464E-A5B2-3B39F14524F0}.Release|x86.Build.0 = Release|Win32
		{A0F99550-B20D-433B-8402-CDCAAB395885}.Debug|x64.ActiveCfg = Debug|Win32
		{A0F99550-B20D-433B-8402-CDCAAB395885}.Debug|x64.Build.0 = Debug|Win32
		{A0F99550-B20D-433B-8402-CDCAAB395885}.Debug|x86.ActiveCfg = Debug|Win32
		{A0F99550-B20D-433B-8402-CDCAAB395885}.Debug|x86.Build.0 = Debug|Win32
		{A0F99550-B20D-433B-8402-CDCAAB395885}.Release|x64.ActiveCfg = Release|Win32
		{A0F99550-B20D-433B-8402-CDCAAB395885}.Release|x64.Build.0 = Release|Win32
		{A0F99550-B20D-433B-8402-CDCAAB395885}.Release|x86.ActiveCfg = Release|Win32
		{A0F99550-B20D-433B-8402-CDCAAB395885}.Release|x86.Build.0 = Release|Win32
		{1B17878E-9CB1-422B-985C-F07C3E5678D8}.Debug|x64.ActiveCfg = Debug|Win32
		{1B17878E-9CB1-422B-985C-F07C3E5678D8}.Debug|x64.Build.0 = Debug|Win32
		{1B17878E-9CB1-422B-985C-F07C3E5678D8}.Debug|x86.ActiveCfg = Debug|Win32
		{1B17878E-9CB1-422B-985C-F07C3E5678D8}.Debug|x86.Build.0 = Debug|Win32
		{1B17878E-9CB1-422B-985C-F07C3E5678D8}.Release|x64.ActiveCfg = Release|Win32
		{1B17878E-9CB1-422B-985C-F07C3E5678D8}.Release|x64.Build.0 = Release|Win32
		{1B17878E-9CB1-422B-985C-F07C3E5678D8}.Release|x86.ActiveCfg = Release|Win32
		{1B17878E-9CB1-422B-985C-F07C3E5678D8}.Release|x86.Build.0 = Release|Win32
		{8247C015-3FD6-414B-85EF-1C4530452C20}.Debug|x64.ActiveCfg = Debug|Win32
		{8247C015-3FD6-414B-85EF-1C4530452C20}.Debug|x64.Build.0 = Debug|Win32
		{8247C015-3FD6-414B-85EF-1C4530452C20}.Debug|x86.ActiveCfg = Debug|Win32
		{8247C015-3FD6-414B-85EF-1C4530452C20}.Debug|x86.Build.0 = Debug|Win32
		{8247C015-3FD6-414B-85EF-1C4530452C20}.Release|x64.ActiveCfg = Release|Win32
		{8247C015-3FD6-414B-85EF-1C4530452C20}.Release|x64.Build.0 = Release|Win32
		{8247C015-3FD6-414B-85EF-1C4530452C20}.Release|x86.ActiveCfg = Release|Win32
		{8247C015-3FD6-414B-85EF-1C4530452C20}.Release|x86.Build.0 = Release|Win32
		{D9A63CE6-AF59-4A75-BDEF-E692A051E713}.Debug|x64.ActiveCfg = Debug|Win32
		{D9A63CE6-AF59-4A75-BDEF-E692A051E713}.Debug|x64.Build.0 = Debug|Win32
		{D9A63CE6-AF59-4A75-BDEF-E692A051E713}.Debug|x86.ActiveCfg = Debug|Win32
		{D9A63CE6-AF59-4A75-BDEF-E692A051E713}.Debug|x86.Build.0 = Debug|Win32
		{D9A63CE6-AF59-4A75-BDEF-E692A051E713}.Release|x64.ActiveCfg = Release|Win32
		{D9A63CE6-AF59-4A75-BDEF-E692A051E713}.Release|x64.Build.0 = Release|Win32
		{D9A63CE6-AF59-4A75-BDEF-E692A051E713}.Release|x86.ActiveCfg = Release|Win32
		{D9A63CE6-AF59-4A75-BDEF-E692A051E713}.Release|x86.Build.0 = Release|Win32
		{9C9C2CDA-E04A-48DD-BFD4-D5F98432FD56}.Debug|x64.ActiveCfg = Debug|Win32
		{9C9C2CDA-E04A-48DD-BFD4-D5F98432FD56}.Debug|x64.Build.0 = Debug|Win32
		{9C9C2CDA-E04A-48DD-BFD4-D5F98432FD56}.Debug|x86.ActiveCfg = Debug|Win32
		{9C9C2CDA-E04A-48DD-BFD4-D5F98432FD56}.Debug|x86.Build.0 = Debug|Win32
		{9C9C2CDA-E04A-48DD-BFD4-D5F98432FD56}.Release|x64.ActiveCfg = Release|Win32
		{9C9C2CDA-E04A-48DD-BFD4-D5F98432FD56}.Release|x64.Build.0 = Release|Win32
		{9C9C2CDA-E04A-48DD-BFD4-D5F98432FD56}.Release|x86.ActiveCfg = Release|Win32
		{9C9C2CDA-E04A-48DD-BFD4-D5F98432FD56}.Release|x86.Build.0 = Release|Win32
		{973BA2F8-6C15-4C4B-8587-0546CCE60A23}.Debug|x64.ActiveCfg = Debug|Win32
		{973BA2F8-6C15-4C4B-8587-0546CCE60A23}.Debug|x86.ActiveCfg = Debug|Win32
		{973BA2F8-6C15-4C4B-8587-0546CCE60A23}.Debug|x86.Build.0 = Debug|Win32
		{973BA2F8-6C15-4C4B-8587-0546CCE60A23}.Release|x64.ActiveCfg = Release|Win32
		{973BA2F8-6C15-4C4B-8587-0546CCE60A23}.Release|x86.ActiveCfg = Release|Win32
		{973BA2F8-6C15-4C4B-8587-0546CCE60A23}.Release|x86.Build.0 = Release|Win32
	EndGlobalSection
	GlobalSection(SolutionProperties) = preSolution
		HideSolutionNode = FALSE
	EndGlobalSection
	GlobalSection(ExtensibilityGlobals) = postSolution
		SolutionGuid = {5D2EA415-BBA9-4FA6-9CE1-D91402BEACF3}
	EndGlobalSection
EndGlobal
