Microsoft Visual Studio Solution File, Format Version 12.00
# Visual Studio Version 16
VisualStudioVersion = 16.0.30503.244
MinimumVisualStudioVersion = 10.0.40219.1
Project("{8BC9CEB8-8B4A-11D0-8D11-00A0C91BC942}") = "CorumOnlineProject", "CorumOnlineProject.vcxproj", "{D9CE3238-B030-430A-BA0A-6AF91AC8D9B2}"
EndProject
Project("{8BC9CEB8-8B4A-11D0-8D11-00A0C91BC942}") = "LoginAgent", "..\LoginAgent\LoginAgent.vcxproj", "{85428F33-05A6-47C7-9D8A-65165B85EC94}"
EndProject
Project("{8BC9CEB8-8B4A-11D0-8D11-00A0C91BC942}") = "CommonServer", "..\CommonServer\CommonServer.vcxproj", "{6799FABC-6F99-416A-8350-7AE7E6BFF0B2}"
EndProject
Global
	GlobalSection(SolutionConfigurationPlatforms) = preSolution
		CHINA_BILLING|x86 = CHINA_BILLING|x86
		CHINA_DEV|x86 = CHINA_DEV|x86
		CHINA_LOCALIZING_DBG|x86 = CHINA_LOCALIZING_DBG|x86
		CHINA_LOCALIZING_RRS|x86 = CHINA_LOCALIZING_RRS|x86
		CHINA_TEST_BILLING|x86 = CHINA_TEST_BILLING|x86
		CHINA|x86 = CHINA|x86
		Debug|x86 = Debug|x86
		dev_NEW_COMMAND|x86 = dev_NEW_COMMAND|x86
		dev|x86 = dev|x86
		develop_Test|x86 = develop_Test|x86
		EngineTest|x86 = EngineTest|x86
		JAPAN_DEV|x86 = JAPAN_DEV|x86
		JAPAN_ENCRYPE|x86 = JAPAN_ENCRYPE|x86
		JAPAN_LOCALIZING_DBG|x86 = JAPAN_LOCALIZING_DBG|x86
		JAPAN_LOCALIZING_RRS|x86 = JAPAN_LOCALIZING_RRS|x86
		JAPAN_Release|x86 = JAPAN_Release|x86
		JAPAN|x86 = JAPAN|x86
		Korea_GMMode|x86 = Korea_GMMode|x86
		Release|x86 = Release|x86
		TAIWAN_DEV|x86 = TAIWAN_DEV|x86
		TAIWAN_LOCALIZING_DBG|x86 = TAIWAN_LOCALIZING_DBG|x86
		TAIWAN_LOCALIZING_RRS|x86 = TAIWAN_LOCALIZING_RRS|x86
		TAIWAN|x86 = TAIWAN|x86
	EndGlobalSection
	GlobalSection(ProjectConfigurationPlatforms) = postSolution
		{D9CE3238-B030-430A-BA0A-6AF91AC8D9B2}.CHINA_BILLING|x86.ActiveCfg = CHINA_DEV|Win32
		{D9CE3238-B030-430A-BA0A-6AF91AC8D9B2}.CHINA_BILLING|x86.Build.0 = CHINA_DEV|Win32
		{D9CE3238-B030-430A-BA0A-6AF91AC8D9B2}.CHINA_DEV|x86.ActiveCfg = CHINA_DEV|Win32
		{D9CE3238-B030-430A-BA0A-6AF91AC8D9B2}.CHINA_DEV|x86.Build.0 = CHINA_DEV|Win32
		{D9CE3238-B030-430A-BA0A-6AF91AC8D9B2}.CHINA_LOCALIZING_DBG|x86.ActiveCfg = CHINA_DEV|Win32
		{D9CE3238-B030-430A-BA0A-6AF91AC8D9B2}.CHINA_LOCALIZING_DBG|x86.Build.0 = CHINA_DEV|Win32
		{D9CE3238-B030-430A-BA0A-6AF91AC8D9B2}.CHINA_LOCALIZING_RRS|x86.ActiveCfg = CHINA_DEV|Win32
		{D9CE3238-B030-430A-BA0A-6AF91AC8D9B2}.CHINA_LOCALIZING_RRS|x86.Build.0 = CHINA_DEV|Win32
		{D9CE3238-B030-430A-BA0A-6AF91AC8D9B2}.CHINA_TEST_BILLING|x86.ActiveCfg = CHINA_DEV|Win32
		{D9CE3238-B030-430A-BA0A-6AF91AC8D9B2}.CHINA_TEST_BILLING|x86.Build.0 = CHINA_DEV|Win32
		{D9CE3238-B030-430A-BA0A-6AF91AC8D9B2}.CHINA|x86.ActiveCfg = CHINA|Win32
		{D9CE3238-B030-430A-BA0A-6AF91AC8D9B2}.CHINA|x86.Build.0 = CHINA|Win32
		{D9CE3238-B030-430A-BA0A-6AF91AC8D9B2}.Debug|x86.ActiveCfg = Debug|Win32
		{D9CE3238-B030-430A-BA0A-6AF91AC8D9B2}.Debug|x86.Build.0 = Debug|Win32
		{D9CE3238-B030-430A-BA0A-6AF91AC8D9B2}.dev_NEW_COMMAND|x86.ActiveCfg = dev_NEW_COMMAND|Win32
		{D9CE3238-B030-430A-BA0A-6AF91AC8D9B2}.dev_NEW_COMMAND|x86.Build.0 = dev_NEW_COMMAND|Win32
		{D9CE3238-B030-430A-BA0A-6AF91AC8D9B2}.dev|x86.ActiveCfg = dev|Win32
		{D9CE3238-B030-430A-BA0A-6AF91AC8D9B2}.dev|x86.Build.0 = dev|Win32
		{D9CE3238-B030-430A-BA0A-6AF91AC8D9B2}.develop_Test|x86.ActiveCfg = develop_Test|Win32
		{D9CE3238-B030-430A-BA0A-6AF91AC8D9B2}.develop_Test|x86.Build.0 = develop_Test|Win32
		{D9CE3238-B030-430A-BA0A-6AF91AC8D9B2}.EngineTest|x86.ActiveCfg = EngineTest|Win32
		{D9CE3238-B030-430A-BA0A-6AF91AC8D9B2}.EngineTest|x86.Build.0 = EngineTest|Win32
		{D9CE3238-B030-430A-BA0A-6AF91AC8D9B2}.JAPAN_DEV|x86.ActiveCfg = JAPAN_DEV|Win32
		{D9CE3238-B030-430A-BA0A-6AF91AC8D9B2}.JAPAN_DEV|x86.Build.0 = JAPAN_DEV|Win32
		{D9CE3238-B030-430A-BA0A-6AF91AC8D9B2}.JAPAN_ENCRYPE|x86.ActiveCfg = JAPAN_ENCRYPE|Win32
		{D9CE3238-B030-430A-BA0A-6AF91AC8D9B2}.JAPAN_ENCRYPE|x86.Build.0 = JAPAN_ENCRYPE|Win32
		{D9CE3238-B030-430A-BA0A-6AF91AC8D9B2}.JAPAN_LOCALIZING_DBG|x86.ActiveCfg = JAPAN_ENCRYPE|Win32
		{D9CE3238-B030-430A-BA0A-6AF91AC8D9B2}.JAPAN_LOCALIZING_DBG|x86.Build.0 = JAPAN_ENCRYPE|Win32
		{D9CE3238-B030-430A-BA0A-6AF91AC8D9B2}.JAPAN_LOCALIZING_RRS|x86.ActiveCfg = JAPAN_ENCRYPE|Win32
		{D9CE3238-B030-430A-BA0A-6AF91AC8D9B2}.JAPAN_LOCALIZING_RRS|x86.Build.0 = JAPAN_ENCRYPE|Win32
		{D9CE3238-B030-430A-BA0A-6AF91AC8D9B2}.JAPAN_Release|x86.ActiveCfg = Release|Win32
		{D9CE3238-B030-430A-BA0A-6AF91AC8D9B2}.JAPAN_Release|x86.Build.0 = Release|Win32
		{D9CE3238-B030-430A-BA0A-6AF91AC8D9B2}.JAPAN|x86.ActiveCfg = JAPAN|Win32
		{D9CE3238-B030-430A-BA0A-6AF91AC8D9B2}.JAPAN|x86.Build.0 = JAPAN|Win32
		{D9CE3238-B030-430A-BA0A-6AF91AC8D9B2}.Korea_GMMode|x86.ActiveCfg = Korea_GMMode|Win32
		{D9CE3238-B030-430A-BA0A-6AF91AC8D9B2}.Korea_GMMode|x86.Build.0 = Korea_GMMode|Win32
		{D9CE3238-B030-430A-BA0A-6AF91AC8D9B2}.Release|x86.ActiveCfg = Release|Win32
		{D9CE3238-B030-430A-BA0A-6AF91AC8D9B2}.Release|x86.Build.0 = Release|Win32
		{D9CE3238-B030-430A-BA0A-6AF91AC8D9B2}.TAIWAN_DEV|x86.ActiveCfg = TAIWAN_DEV|Win32
		{D9CE3238-B030-430A-BA0A-6AF91AC8D9B2}.TAIWAN_DEV|x86.Build.0 = TAIWAN_DEV|Win32
		{D9CE3238-B030-430A-BA0A-6AF91AC8D9B2}.TAIWAN_LOCALIZING_DBG|x86.ActiveCfg = TAIWAN_DEV|Win32
		{D9CE3238-B030-430A-BA0A-6AF91AC8D9B2}.TAIWAN_LOCALIZING_DBG|x86.Build.0 = TAIWAN_DEV|Win32
		{D9CE3238-B030-430A-BA0A-6AF91AC8D9B2}.TAIWAN_LOCALIZING_RRS|x86.ActiveCfg = TAIWAN_DEV|Win32
		{D9CE3238-B030-430A-BA0A-6AF91AC8D9B2}.TAIWAN_LOCALIZING_RRS|x86.Build.0 = TAIWAN_DEV|Win32
		{D9CE3238-B030-430A-BA0A-6AF91AC8D9B2}.TAIWAN|x86.ActiveCfg = TAIWAN|Win32
		{D9CE3238-B030-430A-BA0A-6AF91AC8D9B2}.TAIWAN|x86.Build.0 = TAIWAN|Win32
		{85428F33-05A6-47C7-9D8A-65165B85EC94}.CHINA_BILLING|x86.ActiveCfg = CHINA_BILLING|Win32
		{85428F33-05A6-47C7-9D8A-65165B85EC94}.CHINA_BILLING|x86.Build.0 = CHINA_BILLING|Win32
		{85428F33-05A6-47C7-9D8A-65165B85EC94}.CHINA_DEV|x86.ActiveCfg = CHINA_TEST_BILLING|Win32
		{85428F33-05A6-47C7-9D8A-65165B85EC94}.CHINA_DEV|x86.Build.0 = CHINA_TEST_BILLING|Win32
		{85428F33-05A6-47C7-9D8A-65165B85EC94}.CHINA_LOCALIZING_DBG|x86.ActiveCfg = CHINA_TEST_BILLING|Win32
		{85428F33-05A6-47C7-9D8A-65165B85EC94}.CHINA_LOCALIZING_DBG|x86.Build.0 = CHINA_TEST_BILLING|Win32
		{85428F33-05A6-47C7-9D8A-65165B85EC94}.CHINA_LOCALIZING_RRS|x86.ActiveCfg = CHINA_TEST_BILLING|Win32
		{85428F33-05A6-47C7-9D8A-65165B85EC94}.CHINA_LOCALIZING_RRS|x86.Build.0 = CHINA_TEST_BILLING|Win32
		{85428F33-05A6-47C7-9D8A-65165B85EC94}.CHINA_TEST_BILLING|x86.ActiveCfg = CHINA_TEST_BILLING|Win32
		{85428F33-05A6-47C7-9D8A-65165B85EC94}.CHINA_TEST_BILLING|x86.Build.0 = CHINA_TEST_BILLING|Win32
		{85428F33-05A6-47C7-9D8A-65165B85EC94}.CHINA|x86.ActiveCfg = CHINA|Win32
		{85428F33-05A6-47C7-9D8A-65165B85EC94}.CHINA|x86.Build.0 = CHINA|Win32
		{85428F33-05A6-47C7-9D8A-65165B85EC94}.Debug|x86.ActiveCfg = Debug|Win32
		{85428F33-05A6-47C7-9D8A-65165B85EC94}.Debug|x86.Build.0 = Debug|Win32
		{85428F33-05A6-47C7-9D8A-65165B85EC94}.dev_NEW_COMMAND|x86.ActiveCfg = Debug|Win32
		{85428F33-05A6-47C7-9D8A-65165B85EC94}.dev_NEW_COMMAND|x86.Build.0 = Debug|Win32
		{85428F33-05A6-47C7-9D8A-65165B85EC94}.dev|x86.ActiveCfg = Debug|Win32
		{85428F33-05A6-47C7-9D8A-65165B85EC94}.dev|x86.Build.0 = Debug|Win32
		{85428F33-05A6-47C7-9D8A-65165B85EC94}.develop_Test|x86.ActiveCfg = Debug|Win32
		{85428F33-05A6-47C7-9D8A-65165B85EC94}.develop_Test|x86.Build.0 = Debug|Win32
		{85428F33-05A6-47C7-9D8A-65165B85EC94}.EngineTest|x86.ActiveCfg = Debug|Win32
		{85428F33-05A6-47C7-9D8A-65165B85EC94}.EngineTest|x86.Build.0 = Debug|Win32
		{85428F33-05A6-47C7-9D8A-65165B85EC94}.JAPAN_DEV|x86.ActiveCfg = JAPAN_Release|Win32
		{85428F33-05A6-47C7-9D8A-65165B85EC94}.JAPAN_DEV|x86.Build.0 = JAPAN_Release|Win32
		{85428F33-05A6-47C7-9D8A-65165B85EC94}.JAPAN_ENCRYPE|x86.ActiveCfg = JAPAN_Release|Win32
		{85428F33-05A6-47C7-9D8A-65165B85EC94}.JAPAN_ENCRYPE|x86.Build.0 = JAPAN_Release|Win32
		{85428F33-05A6-47C7-9D8A-65165B85EC94}.JAPAN_LOCALIZING_DBG|x86.ActiveCfg = JAPAN_Release|Win32
		{85428F33-05A6-47C7-9D8A-65165B85EC94}.JAPAN_LOCALIZING_DBG|x86.Build.0 = JAPAN_Release|Win32
		{85428F33-05A6-47C7-9D8A-65165B85EC94}.JAPAN_LOCALIZING_RRS|x86.ActiveCfg = JAPAN_Release|Win32
		{85428F33-05A6-47C7-9D8A-65165B85EC94}.JAPAN_LOCALIZING_RRS|x86.Build.0 = JAPAN_Release|Win32
		{85428F33-05A6-47C7-9D8A-65165B85EC94}.JAPAN_Release|x86.ActiveCfg = JAPAN_Release|Win32
		{85428F33-05A6-47C7-9D8A-65165B85EC94}.JAPAN_Release|x86.Build.0 = JAPAN_Release|Win32
		{85428F33-05A6-47C7-9D8A-65165B85EC94}.JAPAN|x86.ActiveCfg = JAPAN|Win32
		{85428F33-05A6-47C7-9D8A-65165B85EC94}.JAPAN|x86.Build.0 = JAPAN|Win32
		{85428F33-05A6-47C7-9D8A-65165B85EC94}.Korea_GMMode|x86.ActiveCfg = Debug|Win32
		{85428F33-05A6-47C7-9D8A-65165B85EC94}.Korea_GMMode|x86.Build.0 = Debug|Win32
		{85428F33-05A6-47C7-9D8A-65165B85EC94}.Release|x86.ActiveCfg = Release|Win32
		{85428F33-05A6-47C7-9D8A-65165B85EC94}.Release|x86.Build.0 = Release|Win32
		{85428F33-05A6-47C7-9D8A-65165B85EC94}.TAIWAN_DEV|x86.ActiveCfg = TAIWAN|Win32
		{85428F33-05A6-47C7-9D8A-65165B85EC94}.TAIWAN_DEV|x86.Build.0 = TAIWAN|Win32
		{85428F33-05A6-47C7-9D8A-65165B85EC94}.TAIWAN_LOCALIZING_DBG|x86.ActiveCfg = TAIWAN|Win32
		{85428F33-05A6-47C7-9D8A-65165B85EC94}.TAIWAN_LOCALIZING_DBG|x86.Build.0 = TAIWAN|Win32
		{85428F33-05A6-47C7-9D8A-65165B85EC94}.TAIWAN_LOCALIZING_RRS|x86.ActiveCfg = TAIWAN|Win32
		{85428F33-05A6-47C7-9D8A-65165B85EC94}.TAIWAN_LOCALIZING_RRS|x86.Build.0 = TAIWAN|Win32
		{85428F33-05A6-47C7-9D8A-65165B85EC94}.TAIWAN|x86.ActiveCfg = TAIWAN|Win32
		{85428F33-05A6-47C7-9D8A-65165B85EC94}.TAIWAN|x86.Build.0 = TAIWAN|Win32
		{6799FABC-6F99-416A-8350-7AE7E6BFF0B2}.CHINA_BILLING|x86.ActiveCfg = CHINA_LOCALIZING_RRS|Win32
		{6799FABC-6F99-416A-8350-7AE7E6BFF0B2}.CHINA_BILLING|x86.Build.0 = CHINA_LOCALIZING_RRS|Win32
		{6799FABC-6F99-416A-8350-7AE7E6BFF0B2}.CHINA_DEV|x86.ActiveCfg = CHINA_LOCALIZING_RRS|Win32
		{6799FABC-6F99-416A-8350-7AE7E6BFF0B2}.CHINA_DEV|x86.Build.0 = CHINA_LOCALIZING_RRS|Win32
		{6799FABC-6F99-416A-8350-7AE7E6BFF0B2}.CHINA_LOCALIZING_DBG|x86.ActiveCfg = CHINA_LOCALIZING_DBG|Win32
		{6799FABC-6F99-416A-8350-7AE7E6BFF0B2}.CHINA_LOCALIZING_DBG|x86.Build.0 = CHINA_LOCALIZING_DBG|Win32
		{6799FABC-6F99-416A-8350-7AE7E6BFF0B2}.CHINA_LOCALIZING_RRS|x86.ActiveCfg = CHINA_LOCALIZING_RRS|Win32
		{6799FABC-6F99-416A-8350-7AE7E6BFF0B2}.CHINA_LOCALIZING_RRS|x86.Build.0 = CHINA_LOCALIZING_RRS|Win32
		{6799FABC-6F99-416A-8350-7AE7E6BFF0B2}.CHINA_TEST_BILLING|x86.ActiveCfg = CHINA_LOCALIZING_RRS|Win32
		{6799FABC-6F99-416A-8350-7AE7E6BFF0B2}.CHINA_TEST_BILLING|x86.Build.0 = CHINA_LOCALIZING_RRS|Win32
		{6799FABC-6F99-416A-8350-7AE7E6BFF0B2}.CHINA|x86.ActiveCfg = CHINA_LOCALIZING_RRS|Win32
		{6799FABC-6F99-416A-8350-7AE7E6BFF0B2}.CHINA|x86.Build.0 = CHINA_LOCALIZING_RRS|Win32
		{6799FABC-6F99-416A-8350-7AE7E6BFF0B2}.Debug|x86.ActiveCfg = Debug|Win32
		{6799FABC-6F99-416A-8350-7AE7E6BFF0B2}.Debug|x86.Build.0 = Debug|Win32
		{6799FABC-6F99-416A-8350-7AE7E6BFF0B2}.dev_NEW_COMMAND|x86.ActiveCfg = dev|Win32
		{6799FABC-6F99-416A-8350-7AE7E6BFF0B2}.dev_NEW_COMMAND|x86.Build.0 = dev|Win32
		{6799FABC-6F99-416A-8350-7AE7E6BFF0B2}.dev|x86.ActiveCfg = dev|Win32
		{6799FABC-6F99-416A-8350-7AE7E6BFF0B2}.dev|x86.Build.0 = dev|Win32
		{6799FABC-6F99-416A-8350-7AE7E6BFF0B2}.develop_Test|x86.ActiveCfg = dev|Win32
		{6799FABC-6F99-416A-8350-7AE7E6BFF0B2}.develop_Test|x86.Build.0 = dev|Win32
		{6799FABC-6F99-416A-8350-7AE7E6BFF0B2}.EngineTest|x86.ActiveCfg = Debug|Win32
		{6799FABC-6F99-416A-8350-7AE7E6BFF0B2}.EngineTest|x86.Build.0 = Debug|Win32
		{6799FABC-6F99-416A-8350-7AE7E6BFF0B2}.JAPAN_DEV|x86.ActiveCfg = JAPAN_LOCALIZING_RRS|Win32
		{6799FABC-6F99-416A-8350-7AE7E6BFF0B2}.JAPAN_DEV|x86.Build.0 = JAPAN_LOCALIZING_RRS|Win32
		{6799FABC-6F99-416A-8350-7AE7E6BFF0B2}.JAPAN_ENCRYPE|x86.ActiveCfg = JAPAN_LOCALIZING_RRS|Win32
		{6799FABC-6F99-416A-8350-7AE7E6BFF0B2}.JAPAN_ENCRYPE|x86.Build.0 = JAPAN_LOCALIZING_RRS|Win32
		{6799FABC-6F99-416A-8350-7AE7E6BFF0B2}.JAPAN_LOCALIZING_DBG|x86.ActiveCfg = JAPAN_LOCALIZING_DBG|Win32
		{6799FABC-6F99-416A-8350-7AE7E6BFF0B2}.JAPAN_LOCALIZING_DBG|x86.Build.0 = JAPAN_LOCALIZING_DBG|Win32
		{6799FABC-6F99-416A-8350-7AE7E6BFF0B2}.JAPAN_LOCALIZING_RRS|x86.ActiveCfg = JAPAN_LOCALIZING_RRS|Win32
		{6799FABC-6F99-416A-8350-7AE7E6BFF0B2}.JAPAN_LOCALIZING_RRS|x86.Build.0 = JAPAN_LOCALIZING_RRS|Win32
		{6799FABC-6F99-416A-8350-7AE7E6BFF0B2}.JAPAN_Release|x86.ActiveCfg = Release|Win32
		{6799FABC-6F99-416A-8350-7AE7E6BFF0B2}.JAPAN_Release|x86.Build.0 = Release|Win32
		{6799FABC-6F99-416A-8350-7AE7E6BFF0B2}.JAPAN|x86.ActiveCfg = JAPAN_LOCALIZING_RRS|Win32
		{6799FABC-6F99-416A-8350-7AE7E6BFF0B2}.JAPAN|x86.Build.0 = JAPAN_LOCALIZING_RRS|Win32
		{6799FABC-6F99-416A-8350-7AE7E6BFF0B2}.Korea_GMMode|x86.ActiveCfg = Debug|Win32
		{6799FABC-6F99-416A-8350-7AE7E6BFF0B2}.Korea_GMMode|x86.Build.0 = Debug|Win32
		{6799FABC-6F99-416A-8350-7AE7E6BFF0B2}.Release|x86.ActiveCfg = Release|Win32
		{6799FABC-6F99-416A-8350-7AE7E6BFF0B2}.Release|x86.Build.0 = Release|Win32
		{6799FABC-6F99-416A-8350-7AE7E6BFF0B2}.TAIWAN_DEV|x86.ActiveCfg = TAIWAN_LOCALIZING_DBG|Win32
		{6799FABC-6F99-416A-8350-7AE7E6BFF0B2}.TAIWAN_DEV|x86.Build.0 = TAIWAN_LOCALIZING_DBG|Win32
		{6799FABC-6F99-416A-8350-7AE7E6BFF0B2}.TAIWAN_LOCALIZING_DBG|x86.ActiveCfg = TAIWAN_LOCALIZING_DBG|Win32
		{6799FABC-6F99-416A-8350-7AE7E6BFF0B2}.TAIWAN_LOCALIZING_DBG|x86.Build.0 = TAIWAN_LOCALIZING_DBG|Win32
		{6799FABC-6F99-416A-8350-7AE7E6BFF0B2}.TAIWAN_LOCALIZING_RRS|x86.ActiveCfg = TAIWAN_LOCALIZING_RRS|Win32
		{6799FABC-6F99-416A-8350-7AE7E6BFF0B2}.TAIWAN_LOCALIZING_RRS|x86.Build.0 = TAIWAN_LOCALIZING_RRS|Win32
		{6799FABC-6F99-416A-8350-7AE7E6BFF0B2}.TAIWAN|x86.ActiveCfg = TAIWAN_LOCALIZING_DBG|Win32
		{6799FABC-6F99-416A-8350-7AE7E6BFF0B2}.TAIWAN|x86.Build.0 = TAIWAN_LOCALIZING_DBG|Win32
	EndGlobalSection
	GlobalSection(SolutionProperties) = preSolution
		HideSolutionNode = FALSE
	EndGlobalSection
	GlobalSection(ExtensibilityGlobals) = postSolution
		SolutionGuid = {5D2EA415-BBA9-4FA6-9CE1-D91402BEACF3}
	EndGlobalSection
EndGlobal
