Microsoft Visual Studio Solution File, Format Version 12.00
# Visual Studio Version 16
VisualStudioVersion = 16.0.35130.168
MinimumVisualStudioVersion = 10.0.40219.1
Project("{8BC9CEB8-8B4A-11D0-8D11-00A0C91BC942}") = "I4DyuchiNET", "I4DyuchiNET.vcxproj", "{1B17878E-9CB1-422B-985C-F07C3E5678D8}"
EndProject
Global
	GlobalSection(SolutionConfigurationPlatforms) = preSolution
		Debug|Win32 = Debug|Win32
		release confirm|Win32 = release confirm|Win32
		Release|Win32 = Release|Win32
	EndGlobalSection
	GlobalSection(ProjectConfigurationPlatforms) = postSolution
		{1B17878E-9CB1-422B-985C-F07C3E5678D8}.Debug|Win32.ActiveCfg = Debug|Win32
		{1B17878E-9CB1-422B-985C-F07C3E5678D8}.Debug|Win32.Build.0 = Debug|Win32
		{1B17878E-9CB1-422B-985C-F07C3E5678D8}.release confirm|Win32.ActiveCfg = release confirm|Win32
		{1B17878E-9CB1-422B-985C-F07C3E5678D8}.release confirm|Win32.Build.0 = release confirm|Win32
		{1B17878E-9CB1-422B-985C-F07C3E5678D8}.Release|Win32.ActiveCfg = Release|Win32
		{1B17878E-9CB1-422B-985C-F07C3E5678D8}.Release|Win32.Build.0 = Release|Win32
	EndGlobalSection
	GlobalSection(SolutionProperties) = preSolution
		HideSolutionNode = FALSE
	EndGlobalSection
	GlobalSection(ExtensibilityGlobals) = postSolution
		SolutionGuid = {281A5536-34E7-49F1-8BBB-9038A53084B9}
	EndGlobalSection
EndGlobal
