Microsoft Visual Studio Solution File, Format Version 8.00
Project("{8BC9CEB8-8B4A-11D0-8D11-00A0C91BC942}") = "CommonServer", "..\CommonServer\CommonServer.vcproj", "{3EF88DED-E444-4DE6-A2B1-C29AD1E6128B}"
	ProjectSection(ProjectDependencies) = postProject
	EndProjectSection
EndProject
Project("{8BC9CEB8-8B4A-11D0-8D11-00A0C91BC942}") = "DungeonServer", "..\DungeonServer\DungeonServer.vcproj", "{628B7382-2F78-4FA5-B92C-56E1F0FC1AD6}"
	ProjectSection(ProjectDependencies) = postProject
		{F8A9E857-2C61-41E5-BF83-158CAAF1D702} = {F8A9E857-2C61-41E5-BF83-158CAAF1D702}
	EndProjectSection
EndProject
Project("{8BC9CEB8-8B4A-11D0-8D11-00A0C91BC942}") = "BaseLibrary", "..\BaseLibrary\BaseLibrary.vcproj", "{F8A9E857-2C61-41E5-BF83-158CAAF1D702}"
	ProjectSection(ProjectDependencies) = postProject
	EndProjectSection
EndProject
Project("{8BC9CEB8-8B4A-11D0-8D11-00A0C91BC942}") = "LoginAgent", "..\LoginAgent\LoginAgent.vcproj", "{85428F33-05A6-47C7-9D8A-65165B85EC94}"
	ProjectSection(ProjectDependencies) = postProject
	EndProjectSection
EndProject
Project("{8BC9CEB8-8B4A-11D0-8D11-00A0C91BC942}") = "WorldServer", "..\WorldServer\WorldServer.vcproj", "{15B98713-613E-4198-BC91-D6812829C304}"
	ProjectSection(ProjectDependencies) = postProject
	EndProjectSection
EndProject
Global
	GlobalSection(SourceCodeControl) = preSolution
		SccNumberOfProjects = 4
		SccProjectUniqueName0 = ..\\CommonServer\\CommonServer.vcproj
		SccProjectName0 = \u0022$/Develop/CommonServer\u0022,\u0020OEPAAAAA
		SccLocalPath0 = ..\\CommonServer
		SccProvider0 = MSSCCI:Microsoft\u0020Visual\u0020SourceSafe
		SccProjectUniqueName1 = ..\\DungeonServer\\DungeonServer.vcproj
		SccProjectName1 = \u0022$/CorumOnline\u0020-\u0020DungeonServer\u0022,\u0020JCBAAAAA
		SccLocalPath1 = ..\\DungeonServer
		SccProvider1 = MSSCCI:Microsoft\u0020Visual\u0020SourceSafe
		SccProjectUniqueName2 = ..\\LoginAgent\\LoginAgent.vcproj
		SccProjectName2 = \u0022$/CorumOnline\u0020-\u0020LoginAgentServer\u0022,\u0020WABAAAAA
		SccLocalPath2 = ..\\LoginAgent
		SccProvider2 = MSSCCI:Microsoft\u0020Visual\u0020SourceSafe
		SccProjectUniqueName3 = ..\\WorldServer\\WorldServer.vcproj
		SccProjectName3 = \u0022$/Develop/WorldServer\u0022,\u0020XANAAAAA
		SccLocalPath3 = ..\\WorldServer
		SccProvider3 = MSSCCI:Microsoft\u0020Visual\u0020SourceSafe
	EndGlobalSection
	GlobalSection(SolutionConfiguration) = preSolution
		CHINA = CHINA
		CHINA_BILLING = CHINA_BILLING
		CHINA_LOCALIZING = CHINA_LOCALIZING
		CHINA_LOCALIZING_DBG = CHINA_LOCALIZING_DBG
		CHINA_LOCALIZING_RRS = CHINA_LOCALIZING_RRS
		CHINA_TEST_BILLING = CHINA_TEST_BILLING
		Debug = Debug
		DEBUG_TAIWAN_INTERNAL_DEVELOP_VERSION = DEBUG_TAIWAN_INTERNAL_DEVELOP_VERSION
		Debug_with_New_Command = Debug_with_New_Command
		DebugMFC = DebugMFC
		DebugS = DebugS
		DebugSingle = DebugSingle
		dev = dev
		Engine Test = Engine Test
		JAPAN = JAPAN
		JAPAN_LOCALIZING = JAPAN_LOCALIZING
		JAPAN_LOCALIZING_DBG = JAPAN_LOCALIZING_DBG
		JAPAN_LOCALIZING_RRS = JAPAN_LOCALIZING_RRS
		JAPAN_Release = JAPAN_Release
		Release = Release
		ReleaseMFC = ReleaseMFC
		ReleaseS = ReleaseS
		ReleaseSingle = ReleaseSingle
		TAIWAN = TAIWAN
		TAIWAN_LOCALIZING = TAIWAN_LOCALIZING
		TAIWAN_LOCALIZING_DBG = TAIWAN_LOCALIZING_DBG
		TAIWAN_LOCALIZING_RRS = TAIWAN_LOCALIZING_RRS
	EndGlobalSection
	GlobalSection(ProjectConfiguration) = postSolution
		{3EF88DED-E444-4DE6-A2B1-C29AD1E6128B}.CHINA.ActiveCfg = CHINA_LOCALIZING_DBG|Win32
		{3EF88DED-E444-4DE6-A2B1-C29AD1E6128B}.CHINA_BILLING.ActiveCfg = CHINA_LOCALIZING_DBG|Win32
		{3EF88DED-E444-4DE6-A2B1-C29AD1E6128B}.CHINA_LOCALIZING.ActiveCfg = CHINA_LOCALIZING_DBG|Win32
		{3EF88DED-E444-4DE6-A2B1-C29AD1E6128B}.CHINA_LOCALIZING_DBG.ActiveCfg = CHINA_LOCALIZING_DBG|Win32
		{3EF88DED-E444-4DE6-A2B1-C29AD1E6128B}.CHINA_LOCALIZING_RRS.ActiveCfg = CHINA_LOCALIZING_RRS|Win32
		{3EF88DED-E444-4DE6-A2B1-C29AD1E6128B}.CHINA_TEST_BILLING.ActiveCfg = CHINA_LOCALIZING_DBG|Win32
		{3EF88DED-E444-4DE6-A2B1-C29AD1E6128B}.Debug.ActiveCfg = Debug|Win32
		{3EF88DED-E444-4DE6-A2B1-C29AD1E6128B}.Debug.Build.0 = Debug|Win32
		{3EF88DED-E444-4DE6-A2B1-C29AD1E6128B}.DEBUG_TAIWAN_INTERNAL_DEVELOP_VERSION.ActiveCfg = Debug|Win32
		{3EF88DED-E444-4DE6-A2B1-C29AD1E6128B}.Debug_with_New_Command.ActiveCfg = Debug|Win32
		{3EF88DED-E444-4DE6-A2B1-C29AD1E6128B}.DebugMFC.ActiveCfg = Debug|Win32
		{3EF88DED-E444-4DE6-A2B1-C29AD1E6128B}.DebugS.ActiveCfg = Debug|Win32
		{3EF88DED-E444-4DE6-A2B1-C29AD1E6128B}.DebugSingle.ActiveCfg = Debug|Win32
		{3EF88DED-E444-4DE6-A2B1-C29AD1E6128B}.dev.ActiveCfg = dev|Win32
		{3EF88DED-E444-4DE6-A2B1-C29AD1E6128B}.Engine Test.ActiveCfg = Engine Test|Win32
		{3EF88DED-E444-4DE6-A2B1-C29AD1E6128B}.JAPAN.ActiveCfg = JAPAN_LOCALIZING_DBG|Win32
		{3EF88DED-E444-4DE6-A2B1-C29AD1E6128B}.JAPAN_LOCALIZING.ActiveCfg = JAPAN_LOCALIZING_DBG|Win32
		{3EF88DED-E444-4DE6-A2B1-C29AD1E6128B}.JAPAN_LOCALIZING_DBG.ActiveCfg = JAPAN_LOCALIZING_DBG|Win32
		{3EF88DED-E444-4DE6-A2B1-C29AD1E6128B}.JAPAN_LOCALIZING_RRS.ActiveCfg = JAPAN_LOCALIZING_RRS|Win32
		{3EF88DED-E444-4DE6-A2B1-C29AD1E6128B}.JAPAN_Release.ActiveCfg = Release|Win32
		{3EF88DED-E444-4DE6-A2B1-C29AD1E6128B}.Release.ActiveCfg = Release|Win32
		{3EF88DED-E444-4DE6-A2B1-C29AD1E6128B}.ReleaseMFC.ActiveCfg = Release|Win32
		{3EF88DED-E444-4DE6-A2B1-C29AD1E6128B}.ReleaseS.ActiveCfg = Release|Win32
		{3EF88DED-E444-4DE6-A2B1-C29AD1E6128B}.ReleaseSingle.ActiveCfg = Release|Win32
		{3EF88DED-E444-4DE6-A2B1-C29AD1E6128B}.TAIWAN.ActiveCfg = TAIWAN_LOCALIZING_DBG|Win32
		{3EF88DED-E444-4DE6-A2B1-C29AD1E6128B}.TAIWAN_LOCALIZING.ActiveCfg = TAIWAN_LOCALIZING_DBG|Win32
		{3EF88DED-E444-4DE6-A2B1-C29AD1E6128B}.TAIWAN_LOCALIZING_DBG.ActiveCfg = TAIWAN_LOCALIZING_DBG|Win32
		{3EF88DED-E444-4DE6-A2B1-C29AD1E6128B}.TAIWAN_LOCALIZING_RRS.ActiveCfg = TAIWAN_LOCALIZING_RRS|Win32
		{628B7382-2F78-4FA5-B92C-56E1F0FC1AD6}.CHINA.ActiveCfg = CHINA_LOCALIZING|Win32
		{628B7382-2F78-4FA5-B92C-56E1F0FC1AD6}.CHINA_BILLING.ActiveCfg = CHINA_LOCALIZING|Win32
		{628B7382-2F78-4FA5-B92C-56E1F0FC1AD6}.CHINA_LOCALIZING.ActiveCfg = CHINA_LOCALIZING|Win32
		{628B7382-2F78-4FA5-B92C-56E1F0FC1AD6}.CHINA_LOCALIZING_DBG.ActiveCfg = CHINA_LOCALIZING|Win32
		{628B7382-2F78-4FA5-B92C-56E1F0FC1AD6}.CHINA_LOCALIZING_RRS.ActiveCfg = CHINA_LOCALIZING|Win32
		{628B7382-2F78-4FA5-B92C-56E1F0FC1AD6}.CHINA_TEST_BILLING.ActiveCfg = CHINA_LOCALIZING|Win32
		{628B7382-2F78-4FA5-B92C-56E1F0FC1AD6}.Debug.ActiveCfg = Debug|Win32
		{628B7382-2F78-4FA5-B92C-56E1F0FC1AD6}.Debug.Build.0 = Debug|Win32
		{628B7382-2F78-4FA5-B92C-56E1F0FC1AD6}.DEBUG_TAIWAN_INTERNAL_DEVELOP_VERSION.ActiveCfg = DEBUG_TAIWAN_INTERNAL_DEVELOP_VERSION|Win32
		{628B7382-2F78-4FA5-B92C-56E1F0FC1AD6}.Debug_with_New_Command.ActiveCfg = Debug_with_New_Command|Win32
		{628B7382-2F78-4FA5-B92C-56E1F0FC1AD6}.DebugMFC.ActiveCfg = Debug|Win32
		{628B7382-2F78-4FA5-B92C-56E1F0FC1AD6}.DebugS.ActiveCfg = Debug|Win32
		{628B7382-2F78-4FA5-B92C-56E1F0FC1AD6}.DebugSingle.ActiveCfg = Debug|Win32
		{628B7382-2F78-4FA5-B92C-56E1F0FC1AD6}.dev.ActiveCfg = Dev|Win32
		{628B7382-2F78-4FA5-B92C-56E1F0FC1AD6}.Engine Test.ActiveCfg = DEBUG_TAIWAN_INTERNAL_DEVELOP_VERSION|Win32
		{628B7382-2F78-4FA5-B92C-56E1F0FC1AD6}.JAPAN.ActiveCfg = JAPAN_LOCALIZING|Win32
		{628B7382-2F78-4FA5-B92C-56E1F0FC1AD6}.JAPAN_LOCALIZING.ActiveCfg = JAPAN_LOCALIZING|Win32
		{628B7382-2F78-4FA5-B92C-56E1F0FC1AD6}.JAPAN_LOCALIZING_DBG.ActiveCfg = JAPAN_LOCALIZING|Win32
		{628B7382-2F78-4FA5-B92C-56E1F0FC1AD6}.JAPAN_LOCALIZING_RRS.ActiveCfg = JAPAN_LOCALIZING|Win32
		{628B7382-2F78-4FA5-B92C-56E1F0FC1AD6}.JAPAN_Release.ActiveCfg = Release|Win32
		{628B7382-2F78-4FA5-B92C-56E1F0FC1AD6}.Release.ActiveCfg = Release|Win32
		{628B7382-2F78-4FA5-B92C-56E1F0FC1AD6}.ReleaseMFC.ActiveCfg = Release|Win32
		{628B7382-2F78-4FA5-B92C-56E1F0FC1AD6}.ReleaseS.ActiveCfg = Release|Win32
		{628B7382-2F78-4FA5-B92C-56E1F0FC1AD6}.ReleaseSingle.ActiveCfg = Release|Win32
		{628B7382-2F78-4FA5-B92C-56E1F0FC1AD6}.TAIWAN.ActiveCfg = DEBUG_TAIWAN_INTERNAL_DEVELOP_VERSION|Win32
		{628B7382-2F78-4FA5-B92C-56E1F0FC1AD6}.TAIWAN_LOCALIZING.ActiveCfg = TAIWAN_LOCALIZING|Win32
		{628B7382-2F78-4FA5-B92C-56E1F0FC1AD6}.TAIWAN_LOCALIZING_DBG.ActiveCfg = TAIWAN_LOCALIZING|Win32
		{628B7382-2F78-4FA5-B92C-56E1F0FC1AD6}.TAIWAN_LOCALIZING_RRS.ActiveCfg = TAIWAN_LOCALIZING|Win32
		{F8A9E857-2C61-41E5-BF83-158CAAF1D702}.CHINA.ActiveCfg = DEBUG_TAIWAN_INTERNAL_DEVELOP_VERSION|Win32
		{F8A9E857-2C61-41E5-BF83-158CAAF1D702}.CHINA_BILLING.ActiveCfg = DEBUG_TAIWAN_INTERNAL_DEVELOP_VERSION|Win32
		{F8A9E857-2C61-41E5-BF83-158CAAF1D702}.CHINA_LOCALIZING.ActiveCfg = DEBUG_TAIWAN_INTERNAL_DEVELOP_VERSION|Win32
		{F8A9E857-2C61-41E5-BF83-158CAAF1D702}.CHINA_LOCALIZING_DBG.ActiveCfg = DebugS|Win32
		{F8A9E857-2C61-41E5-BF83-158CAAF1D702}.CHINA_LOCALIZING_RRS.ActiveCfg = DebugS|Win32
		{F8A9E857-2C61-41E5-BF83-158CAAF1D702}.CHINA_TEST_BILLING.ActiveCfg = DEBUG_TAIWAN_INTERNAL_DEVELOP_VERSION|Win32
		{F8A9E857-2C61-41E5-BF83-158CAAF1D702}.Debug.ActiveCfg = Debug|Win32
		{F8A9E857-2C61-41E5-BF83-158CAAF1D702}.Debug.Build.0 = Debug|Win32
		{F8A9E857-2C61-41E5-BF83-158CAAF1D702}.DEBUG_TAIWAN_INTERNAL_DEVELOP_VERSION.ActiveCfg = DEBUG_TAIWAN_INTERNAL_DEVELOP_VERSION|Win32
		{F8A9E857-2C61-41E5-BF83-158CAAF1D702}.Debug_with_New_Command.ActiveCfg = DEBUG_TAIWAN_INTERNAL_DEVELOP_VERSION|Win32
		{F8A9E857-2C61-41E5-BF83-158CAAF1D702}.DebugMFC.ActiveCfg = DebugMFC|Win32
		{F8A9E857-2C61-41E5-BF83-158CAAF1D702}.DebugS.ActiveCfg = DebugS|Win32
		{F8A9E857-2C61-41E5-BF83-158CAAF1D702}.DebugSingle.ActiveCfg = DebugSingle|Win32
		{F8A9E857-2C61-41E5-BF83-158CAAF1D702}.dev.ActiveCfg = DebugS|Win32
		{F8A9E857-2C61-41E5-BF83-158CAAF1D702}.Engine Test.ActiveCfg = DebugS|Win32
		{F8A9E857-2C61-41E5-BF83-158CAAF1D702}.JAPAN.ActiveCfg = DEBUG_TAIWAN_INTERNAL_DEVELOP_VERSION|Win32
		{F8A9E857-2C61-41E5-BF83-158CAAF1D702}.JAPAN_LOCALIZING.ActiveCfg = Debug|Win32
		{F8A9E857-2C61-41E5-BF83-158CAAF1D702}.JAPAN_LOCALIZING_DBG.ActiveCfg = DebugS|Win32
		{F8A9E857-2C61-41E5-BF83-158CAAF1D702}.JAPAN_LOCALIZING_RRS.ActiveCfg = DebugS|Win32
		{F8A9E857-2C61-41E5-BF83-158CAAF1D702}.JAPAN_Release.ActiveCfg = Release|Win32
		{F8A9E857-2C61-41E5-BF83-158CAAF1D702}.Release.ActiveCfg = Release|Win32
		{F8A9E857-2C61-41E5-BF83-158CAAF1D702}.ReleaseMFC.ActiveCfg = ReleaseMFC|Win32
		{F8A9E857-2C61-41E5-BF83-158CAAF1D702}.ReleaseS.ActiveCfg = ReleaseS|Win32
		{F8A9E857-2C61-41E5-BF83-158CAAF1D702}.ReleaseSingle.ActiveCfg = ReleaseSingle|Win32
		{F8A9E857-2C61-41E5-BF83-158CAAF1D702}.TAIWAN.ActiveCfg = DEBUG_TAIWAN_INTERNAL_DEVELOP_VERSION|Win32
		{F8A9E857-2C61-41E5-BF83-158CAAF1D702}.TAIWAN_LOCALIZING.ActiveCfg = Debug|Win32
		{F8A9E857-2C61-41E5-BF83-158CAAF1D702}.TAIWAN_LOCALIZING_DBG.ActiveCfg = DebugS|Win32
		{F8A9E857-2C61-41E5-BF83-158CAAF1D702}.TAIWAN_LOCALIZING_RRS.ActiveCfg = DebugS|Win32
		{85428F33-05A6-47C7-9D8A-65165B85EC94}.CHINA.ActiveCfg = CHINA|Win32
		{85428F33-05A6-47C7-9D8A-65165B85EC94}.CHINA_BILLING.ActiveCfg = CHINA_BILLING|Win32
		{85428F33-05A6-47C7-9D8A-65165B85EC94}.CHINA_LOCALIZING.ActiveCfg = CHINA_TEST_BILLING|Win32
		{85428F33-05A6-47C7-9D8A-65165B85EC94}.CHINA_LOCALIZING_DBG.ActiveCfg = CHINA_TEST_BILLING|Win32
		{85428F33-05A6-47C7-9D8A-65165B85EC94}.CHINA_LOCALIZING_RRS.ActiveCfg = CHINA_TEST_BILLING|Win32
		{85428F33-05A6-47C7-9D8A-65165B85EC94}.CHINA_TEST_BILLING.ActiveCfg = CHINA_TEST_BILLING|Win32
		{85428F33-05A6-47C7-9D8A-65165B85EC94}.Debug.ActiveCfg = Debug|Win32
		{85428F33-05A6-47C7-9D8A-65165B85EC94}.Debug.Build.0 = Debug|Win32
		{85428F33-05A6-47C7-9D8A-65165B85EC94}.DEBUG_TAIWAN_INTERNAL_DEVELOP_VERSION.ActiveCfg = DEBUG_TAIWAN_INTERNAL_DEVELOP_VERSION|Win32
		{85428F33-05A6-47C7-9D8A-65165B85EC94}.Debug_with_New_Command.ActiveCfg = Debug|Win32
		{85428F33-05A6-47C7-9D8A-65165B85EC94}.DebugMFC.ActiveCfg = Debug|Win32
		{85428F33-05A6-47C7-9D8A-65165B85EC94}.DebugS.ActiveCfg = Debug|Win32
		{85428F33-05A6-47C7-9D8A-65165B85EC94}.DebugSingle.ActiveCfg = Debug|Win32
		{85428F33-05A6-47C7-9D8A-65165B85EC94}.dev.ActiveCfg = Debug|Win32
		{85428F33-05A6-47C7-9D8A-65165B85EC94}.Engine Test.ActiveCfg = TAIWAN|Win32
		{85428F33-05A6-47C7-9D8A-65165B85EC94}.JAPAN.ActiveCfg = JAPAN|Win32
		{85428F33-05A6-47C7-9D8A-65165B85EC94}.JAPAN_LOCALIZING.ActiveCfg = JAPAN_Release|Win32
		{85428F33-05A6-47C7-9D8A-65165B85EC94}.JAPAN_LOCALIZING_DBG.ActiveCfg = JAPAN_Release|Win32
		{85428F33-05A6-47C7-9D8A-65165B85EC94}.JAPAN_LOCALIZING_RRS.ActiveCfg = JAPAN_Release|Win32
		{85428F33-05A6-47C7-9D8A-65165B85EC94}.JAPAN_Release.ActiveCfg = JAPAN_Release|Win32
		{85428F33-05A6-47C7-9D8A-65165B85EC94}.Release.ActiveCfg = Release|Win32
		{85428F33-05A6-47C7-9D8A-65165B85EC94}.ReleaseMFC.ActiveCfg = Release|Win32
		{85428F33-05A6-47C7-9D8A-65165B85EC94}.ReleaseS.ActiveCfg = Release|Win32
		{85428F33-05A6-47C7-9D8A-65165B85EC94}.ReleaseSingle.ActiveCfg = Release|Win32
		{85428F33-05A6-47C7-9D8A-65165B85EC94}.TAIWAN.ActiveCfg = TAIWAN|Win32
		{85428F33-05A6-47C7-9D8A-65165B85EC94}.TAIWAN_LOCALIZING.ActiveCfg = TAIWAN|Win32
		{85428F33-05A6-47C7-9D8A-65165B85EC94}.TAIWAN_LOCALIZING_DBG.ActiveCfg = TAIWAN|Win32
		{85428F33-05A6-47C7-9D8A-65165B85EC94}.TAIWAN_LOCALIZING_RRS.ActiveCfg = TAIWAN|Win32
		{15B98713-613E-4198-BC91-D6812829C304}.CHINA.ActiveCfg = CHINA_TEST_BILLING|Win32
		{15B98713-613E-4198-BC91-D6812829C304}.CHINA_BILLING.ActiveCfg = CHINA_BILLING|Win32
		{15B98713-613E-4198-BC91-D6812829C304}.CHINA_BILLING.Build.0 = CHINA_BILLING|Win32
		{15B98713-613E-4198-BC91-D6812829C304}.CHINA_LOCALIZING.ActiveCfg = CHINA_LOCALIZING|Win32
		{15B98713-613E-4198-BC91-D6812829C304}.CHINA_LOCALIZING.Build.0 = CHINA_LOCALIZING|Win32
		{15B98713-613E-4198-BC91-D6812829C304}.CHINA_LOCALIZING_DBG.ActiveCfg = CHINA_LOCALIZING|Win32
		{15B98713-613E-4198-BC91-D6812829C304}.CHINA_LOCALIZING_RRS.ActiveCfg = CHINA_LOCALIZING|Win32
		{15B98713-613E-4198-BC91-D6812829C304}.CHINA_TEST_BILLING.ActiveCfg = CHINA_TEST_BILLING|Win32
		{15B98713-613E-4198-BC91-D6812829C304}.CHINA_TEST_BILLING.Build.0 = CHINA_TEST_BILLING|Win32
		{15B98713-613E-4198-BC91-D6812829C304}.Debug.ActiveCfg = Debug|Win32
		{15B98713-613E-4198-BC91-D6812829C304}.Debug.Build.0 = Debug|Win32
		{15B98713-613E-4198-BC91-D6812829C304}.DEBUG_TAIWAN_INTERNAL_DEVELOP_VERSION.ActiveCfg = Debug_with_NEW_COMMAND|Win32
		{15B98713-613E-4198-BC91-D6812829C304}.Debug_with_New_Command.ActiveCfg = Debug_with_NEW_COMMAND|Win32
		{15B98713-613E-4198-BC91-D6812829C304}.DebugMFC.ActiveCfg = Debug_with_NEW_COMMAND|Win32
		{15B98713-613E-4198-BC91-D6812829C304}.DebugS.ActiveCfg = Debug_with_NEW_COMMAND|Win32
		{15B98713-613E-4198-BC91-D6812829C304}.DebugSingle.ActiveCfg = Debug_with_NEW_COMMAND|Win32
		{15B98713-613E-4198-BC91-D6812829C304}.dev.ActiveCfg = Debug_with_NEW_COMMAND|Win32
		{15B98713-613E-4198-BC91-D6812829C304}.Engine Test.ActiveCfg = CHINA_TEST_BILLING|Win32
		{15B98713-613E-4198-BC91-D6812829C304}.JAPAN.ActiveCfg = JAPAN_LOCALIZING|Win32
		{15B98713-613E-4198-BC91-D6812829C304}.JAPAN_LOCALIZING.ActiveCfg = JAPAN_LOCALIZING|Win32
		{15B98713-613E-4198-BC91-D6812829C304}.JAPAN_LOCALIZING.Build.0 = JAPAN_LOCALIZING|Win32
		{15B98713-613E-4198-BC91-D6812829C304}.JAPAN_LOCALIZING_DBG.ActiveCfg = JAPAN_LOCALIZING|Win32
		{15B98713-613E-4198-BC91-D6812829C304}.JAPAN_LOCALIZING_RRS.ActiveCfg = JAPAN_LOCALIZING|Win32
		{15B98713-613E-4198-BC91-D6812829C304}.JAPAN_Release.ActiveCfg = Release|Win32
		{15B98713-613E-4198-BC91-D6812829C304}.Release.ActiveCfg = Release|Win32
		{15B98713-613E-4198-BC91-D6812829C304}.Release.Build.0 = Release|Win32
		{15B98713-613E-4198-BC91-D6812829C304}.ReleaseMFC.ActiveCfg = Release|Win32
		{15B98713-613E-4198-BC91-D6812829C304}.ReleaseS.ActiveCfg = Release|Win32
		{15B98713-613E-4198-BC91-D6812829C304}.ReleaseSingle.ActiveCfg = Release|Win32
		{15B98713-613E-4198-BC91-D6812829C304}.TAIWAN.ActiveCfg = TAIWAN_LOCALIZING|Win32
		{15B98713-613E-4198-BC91-D6812829C304}.TAIWAN_LOCALIZING.ActiveCfg = TAIWAN_LOCALIZING|Win32
		{15B98713-613E-4198-BC91-D6812829C304}.TAIWAN_LOCALIZING.Build.0 = TAIWAN_LOCALIZING|Win32
		{15B98713-613E-4198-BC91-D6812829C304}.TAIWAN_LOCALIZING_DBG.ActiveCfg = TAIWAN_LOCALIZING|Win32
		{15B98713-613E-4198-BC91-D6812829C304}.TAIWAN_LOCALIZING_RRS.ActiveCfg = TAIWAN_LOCALIZING|Win32
	EndGlobalSection
	GlobalSection(ExtensibilityGlobals) = postSolution
	EndGlobalSection
	GlobalSection(ExtensibilityAddIns) = postSolution
	EndGlobalSection
	GlobalSection(DPCodeReviewSolutionGUID) = preSolution
		DPCodeReviewSolutionGUID = {00000000-0000-0000-0000-000000000000}
	EndGlobalSection
	GlobalSection(DPCodeReviewSolutionGUID) = preSolution
		DPCodeReviewSolutionGUID = {00000000-0000-0000-0000-000000000000}
	EndGlobalSection
	GlobalSection(DPCodeReviewSolutionGUID) = preSolution
		DPCodeReviewSolutionGUID = {00000000-0000-0000-0000-000000000000}
	EndGlobalSection
EndGlobal
